{
  "version": 2,
  "dependencies": {
    "net10.0": {
      "CShells.Abstractions": {
        "type": "Direct",
        "requested": "[0.0.30-preview.159, )",
        "resolved": "0.0.30-preview.159",
        "contentHash": "es495Gvvqx1t0DJomzsfoxlIE/k8ZMEj3OaL/uKvdUd5cXpfQowko63T03LlRhTBS7Nhm6xoPoQW1cZAx6e8uQ==",
        "dependencies": {
          "JetBrains.Annotations": "2025.2.4"
        }
      },
      "Elsa.Specifications.PackageManifest.Generator": {
        "type": "Direct",
        "requested": "[0.0.1-preview.8, )",
        "resolved": "0.0.1-preview.8",
        "contentHash": "2oIY7sSleqZv2y1wfBPZxa4GcaR3+PVsxuo3Pd2bXMRpsUAWzAMYf83eAKrzp3FIX6OE5e89lawTaiALKT8/hQ=="
      },
      "JetBrains.Annotations": {
        "type": "Transitive",
        "resolved": "2025.2.4",
        "contentHash": "TwbgxAkXxY+vNEhNVx/QXjJ4vqxmepOjsgRvvImQPbHkHMMb4W+ahL3laMsxXKtNT7iMy+E1B3xkqao2hf1n3A=="
      },
      "Microsoft.Extensions.AmbientMetadata.Application": {
        "type": "Transitive",
        "resolved": "10.3.0",
        "contentHash": "Oh/FQJrTZqiqZuFktqDCwLFgxIUnNATZx46AwUTf5A/+FmK/TzPf/iwSqMK85QlioLD9ehOxWe0NBfsCSkp5pw=="
      },
      "Microsoft.Extensions.Compliance.Abstractions": {
        "type": "Transitive",
        "resolved": "10.3.0",
        "contentHash": "b3gmxtyX0n8bQFuZ679f8QiOWqjeZKFc6XXPUsYNFzMcWi0Q44Ej3pB41N/QQ0maX380kmOMF36bLSBHNThXAg=="
      },
      "Microsoft.Extensions.DependencyInjection.AutoActivation": {
        "type": "Transitive",
        "resolved": "10.3.0",
        "contentHash": "g6/S5rhP1XNBqeDa9zKXri/uDKe6gjzSqGsocuySb1OdVm8fz/M9YcWTJsCw5RHF8xIb/B3NgsfBPQF9Emjk3Q=="
      },
      "Microsoft.Extensions.Diagnostics.ExceptionSummarization": {
        "type": "Transitive",
        "resolved": "10.3.0",
        "contentHash": "TZAZsAFThNQDqCnWaGxV/X7OPSA7b+kY7wNTPNvPvSWa0jcTbmGVyzIY/feF4OgyAUUdzSnnLW6ri2Q+4keM4A=="
      },
      "Microsoft.Extensions.Http.Diagnostics": {
        "type": "Transitive",
        "resolved": "10.3.0",
        "contentHash": "/xuNWNxI4WLVatiTvaqfLd5ijFhQ/qvE14bOyWxeEWmXJkjh/g2G/5TdzMfoe0afq16OdWLGbrD9gWHo178hbg==",
        "dependencies": {
          "Microsoft.Extensions.Telemetry": "10.3.0"
        }
      },
      "Microsoft.Extensions.Http.Polly": {
        "type": "Transitive",
        "resolved": "10.0.7",
        "contentHash": "pcUsPoqMHvOp+QJsLA/Hlg/W+IBnAoUXKEBc7FqMcY0sUez15DOKXtbEo81TvHL9xwjWQcF3ZMayNpcvpI7Bqg==",
        "dependencies": {
          "Polly": "7.2.4",
          "Polly.Extensions.Http": "3.0.0"
        }
      },
      "Microsoft.Extensions.Http.Resilience": {
        "type": "Transitive",
        "resolved": "10.3.0",
        "contentHash": "P4+s/eUH3dZdn1HnivSL2dh6/Jb0ndLt2l88oQPZ9BYdyb4tSRAsnz4QkJHGfPA9lS/XblI5QYsxEdfkurPvIg==",
        "dependencies": {
          "Microsoft.Extensions.Http.Diagnostics": "10.3.0",
          "Microsoft.Extensions.Resilience": "10.3.0"
        }
      },
      "Microsoft.Extensions.Resilience": {
        "type": "Transitive",
        "resolved": "10.3.0",
        "contentHash": "xc0dZuPkBaVIdMlODDppmNY/dxE27wIQ46gTzStoFXO4/yVcOMKlPmtr9vTP4edyXBRizGxPtcAFmqxZ5gPTkQ==",
        "dependencies": {
          "Microsoft.Extensions.Diagnostics.ExceptionSummarization": "10.3.0",
          "Microsoft.Extensions.Telemetry.Abstractions": "10.3.0",
          "Polly.Extensions": "8.4.2",
          "Polly.RateLimiting": "8.4.2"
        }
      },
      "Microsoft.Extensions.Telemetry": {
        "type": "Transitive",
        "resolved": "10.3.0",
        "contentHash": "M1esrIGmwU2JBY0JpwdlUTXTNBXSBFEs+41bYBd59+9/vCaXw+vGhtYcCL+JXeGmxTLUHmuXcKbX/uVCSFcuzA==",
        "dependencies": {
          "Microsoft.Extensions.AmbientMetadata.Application": "10.3.0",
          "Microsoft.Extensions.DependencyInjection.AutoActivation": "10.3.0",
          "Microsoft.Extensions.Telemetry.Abstractions": "10.3.0"
        }
      },
      "Microsoft.Extensions.Telemetry.Abstractions": {
        "type": "Transitive",
        "resolved": "10.3.0",
        "contentHash": "aKxH6ZsGAewGF8uSXyx1WkjqItwZA+hd1hhQ/4i7o5injCWSdr9vIZ3R3djJfy8OG3xaWK+LZY/+slVvlnwEHw==",
        "dependencies": {
          "Microsoft.Extensions.Compliance.Abstractions": "10.3.0"
        }
      },
      "Microsoft.IdentityModel.Abstractions": {
        "type": "Transitive",
        "resolved": "8.16.0",
        "contentHash": "gSxKLWRZzBpIsEoeUPkxfywNCCvRvl7hkq146XHPk5vOQc9izSf1I+uL1vh4y2U19QPxd9Z8K/8AdWyxYz2lSg=="
      },
      "Microsoft.IdentityModel.JsonWebTokens": {
        "type": "Transitive",
        "resolved": "8.16.0",
        "contentHash": "prBU72cIP4V8E9fhN+o/YdskTsLeIcnKPbhZf0X6mD7fdxoZqnS/NdEkSr+9Zp+2q7OZBOMfNBKGbTbhXODO4w==",
        "dependencies": {
          "Microsoft.IdentityModel.Tokens": "8.16.0"
        }
      },
      "Microsoft.IdentityModel.Logging": {
        "type": "Transitive",
        "resolved": "8.16.0",
        "contentHash": "MTzXmETkNQPACR7/XCXM1OGM6oU9RkyibqeJRtO9Ndew2LnGjMf9Atqj2VSf4XC27X0FQycUAlzxxEgQMWn2xQ==",
        "dependencies": {
          "Microsoft.IdentityModel.Abstractions": "8.16.0"
        }
      },
      "Microsoft.IdentityModel.Protocols": {
        "type": "Transitive",
        "resolved": "8.16.0",
        "contentHash": "UFrU7d46UTsPQTa2HIEIpB9H1uJe1BW9FLw5uhEJ2ZuKdur8bcUA/bO5caq5dlBt5gNJeRIB3QQXYNs5fCQCZA==",
        "dependencies": {
          "Microsoft.IdentityModel.Tokens": "8.16.0"
        }
      },
      "Microsoft.IdentityModel.Tokens": {
        "type": "Transitive",
        "resolved": "8.16.0",
        "contentHash": "rtViGJcGsN7WcfUNErwNeQgjuU5cJNl6FDQsfi9TncwO+Epzn0FTfBsg3YuFW1Q0Ch/KPxaVdjLw3/+5Z5ceFQ==",
        "dependencies": {
          "Microsoft.IdentityModel.Logging": "8.16.0"
        }
      },
      "OpenIddict": {
        "type": "Transitive",
        "resolved": "7.5.0",
        "contentHash": "rZyPVHUXwUKEFQr4DO/iWKwmXnUE4IFMoHpYnyq5DgdgiKNFTkjZ4xc1P2ArnwvKNyuNsefGsj+JybGqXwIqsA==",
        "dependencies": {
          "OpenIddict.Abstractions": "7.5.0",
          "OpenIddict.Client": "7.5.0",
          "OpenIddict.Client.SystemIntegration": "7.5.0",
          "OpenIddict.Client.SystemNetHttp": "7.5.0",
          "OpenIddict.Client.WebIntegration": "7.5.0",
          "OpenIddict.Core": "7.5.0",
          "OpenIddict.Server": "7.5.0",
          "OpenIddict.Validation": "7.5.0",
          "OpenIddict.Validation.ServerIntegration": "7.5.0",
          "OpenIddict.Validation.SystemNetHttp": "7.5.0"
        }
      },
      "OpenIddict.Client": {
        "type": "Transitive",
        "resolved": "7.5.0",
        "contentHash": "W22MGOGqWVOD2yVPCZmk4ZAH0ssZ/I+qfucBaeaCHpR65+I1vKVtL/tuuhUY1dbdvgARKS1bsZZvWDOroJ2kNQ==",
        "dependencies": {
          "Microsoft.IdentityModel.JsonWebTokens": "8.16.0",
          "Microsoft.IdentityModel.Protocols": "8.16.0",
          "OpenIddict.Abstractions": "7.5.0"
        }
      },
      "OpenIddict.Client.AspNetCore": {
        "type": "Transitive",
        "resolved": "7.5.0",
        "contentHash": "bVZEYVHdXbfJqTtzamvDjq4Klymjb6uhq3lEF/k27YwBJtBV1QQWnvjQRpjqmhR7UHQSIoKxo6xbPtPxWAlujA==",
        "dependencies": {
          "OpenIddict.Client": "7.5.0"
        }
      },
      "OpenIddict.Client.DataProtection": {
        "type": "Transitive",
        "resolved": "7.5.0",
        "contentHash": "zxiYrDLXy2V+TYGmKIJYi29hsZG1U9axMZgWv12FsGE4wJQpdtrKw2J5yplYOiVzMz5DxgXrpTOhQ1bfRLDO+Q==",
        "dependencies": {
          "OpenIddict.Client": "7.5.0"
        }
      },
      "OpenIddict.Client.SystemIntegration": {
        "type": "Transitive",
        "resolved": "7.5.0",
        "contentHash": "7Z4H1innZap7/ffNE6bsuC9WpwTn0wk+tjeRJD/6dJX4FSVJuVQ8N5yRMLCmXSS/aeVvyMwYpdylLXygI76I5g==",
        "dependencies": {
          "OpenIddict.Client": "7.5.0"
        }
      },
      "OpenIddict.Client.SystemNetHttp": {
        "type": "Transitive",
        "resolved": "7.5.0",
        "contentHash": "Os2tAOMwgkGuBykqDMwIHrcF2wJdhMyfG5uIZlDbIAamDZJriGc6AnVoRNxFiSWCuzhXBhDboZQviecBFc2mQw==",
        "dependencies": {
          "Microsoft.Extensions.Http.Polly": "10.0.7",
          "Microsoft.Extensions.Http.Resilience": "10.3.0",
          "OpenIddict.Client": "7.5.0"
        }
      },
      "OpenIddict.Client.WebIntegration": {
        "type": "Transitive",
        "resolved": "7.5.0",
        "contentHash": "0FNXGJdzdGIO523Dy07APoXmDJPjEIQt/e2SeAQYyrZ0bFC2eKDEdDsw2PLvIMnN5X9GC/n9DhQQWahrLIpXbA==",
        "dependencies": {
          "OpenIddict.Client": "7.5.0",
          "OpenIddict.Client.SystemNetHttp": "7.5.0"
        }
      },
      "OpenIddict.Core": {
        "type": "Transitive",
        "resolved": "7.5.0",
        "contentHash": "8IicfYNZDg2TRzeDG+TOlWjWsneLTFIe1Ai5PMFXgsfti07JDLuvznBTOpCdv7w5DdrrjXxk9xMdRWS8aZ358w==",
        "dependencies": {
          "OpenIddict.Abstractions": "7.5.0"
        }
      },
      "OpenIddict.Server": {
        "type": "Transitive",
        "resolved": "7.5.0",
        "contentHash": "O8i4aNse1ilwdW/KX86WS6rtwpm+XccYOFKs+8bZeIA+DI3RFgc5nR2k2hEoBYf44ybLiGCWjDqJQdLKfXHhcw==",
        "dependencies": {
          "Microsoft.IdentityModel.JsonWebTokens": "8.16.0",
          "OpenIddict.Abstractions": "7.5.0"
        }
      },
      "OpenIddict.Server.AspNetCore": {
        "type": "Transitive",
        "resolved": "7.5.0",
        "contentHash": "dPgoG/y7oJcngY+xILxrp+lgGjrOMIrlt/mQcGKMj/g+QlNW8Xod5ibAMbFIQUUWXGVKd+lZKPMa7wPfioLpTw==",
        "dependencies": {
          "OpenIddict.Server": "7.5.0"
        }
      },
      "OpenIddict.Server.DataProtection": {
        "type": "Transitive",
        "resolved": "7.5.0",
        "contentHash": "dn49+QwuiHZatgiP0auRG2//Fhnu0yYmtPu5ky89AqjZKSQTDrPwV0Jm1O0OCGM39W7AEWwOtLtvpr/cucxLUA==",
        "dependencies": {
          "OpenIddict.Server": "7.5.0"
        }
      },
      "OpenIddict.Validation": {
        "type": "Transitive",
        "resolved": "7.5.0",
        "contentHash": "PpAaSD2KfFJn6sODf0JadCcdx2e2hNo23ULYqbv3lGnOLVB3Y8bQoGJNMovxzSq5nKMSLlqi5rtV3sFXln3Kkw==",
        "dependencies": {
          "Microsoft.IdentityModel.JsonWebTokens": "8.16.0",
          "Microsoft.IdentityModel.Protocols": "8.16.0",
          "OpenIddict.Abstractions": "7.5.0"
        }
      },
      "OpenIddict.Validation.AspNetCore": {
        "type": "Transitive",
        "resolved": "7.5.0",
        "contentHash": "yTHifKNJLe0uH4fotBQcii8XpHYQOwmACXK2aEeAYadxYlysiO67glfxdETzeAfpJ/QM4cG7V2bjXUCZLCHEbg==",
        "dependencies": {
          "OpenIddict.Validation": "7.5.0"
        }
      },
      "OpenIddict.Validation.DataProtection": {
        "type": "Transitive",
        "resolved": "7.5.0",
        "contentHash": "YrjqQgj1c+nmwSjKHB0YUaNA1nNkSVsVuSj1f7eujWif/86IdII49NRfo7NXEn9GVbuoPk3R/hW10fJtp0Q4CA==",
        "dependencies": {
          "OpenIddict.Validation": "7.5.0"
        }
      },
      "OpenIddict.Validation.ServerIntegration": {
        "type": "Transitive",
        "resolved": "7.5.0",
        "contentHash": "dsAjY4MytgSdMQFjmy+7cTcKTJF0rKiLOu9VAvsxg/mjQU/mDH1gjyQafAHoU9BwDIrbaBZlBRxUNPl14O1GBA==",
        "dependencies": {
          "OpenIddict.Server": "7.5.0",
          "OpenIddict.Validation": "7.5.0"
        }
      },
      "OpenIddict.Validation.SystemNetHttp": {
        "type": "Transitive",
        "resolved": "7.5.0",
        "contentHash": "nRj7Ry1se+hURVx4KADZlnHyYQkK095ybpSq4CC29A+akqDK6GPP04T/zSxIK8bpQSepNqP4w2aWzDZCvcvg9w==",
        "dependencies": {
          "Microsoft.Extensions.Http.Polly": "10.0.7",
          "Microsoft.Extensions.Http.Resilience": "10.3.0",
          "OpenIddict.Validation": "7.5.0"
        }
      },
      "Polly": {
        "type": "Transitive",
        "resolved": "7.2.4",
        "contentHash": "bw00Ck5sh6ekduDE3mnCo1ohzuad946uslCDEENu3091+6UKnBuKLo4e+yaNcCzXxOZCXWY2gV4a35+K1d4LDA=="
      },
      "Polly.Core": {
        "type": "Transitive",
        "resolved": "8.4.2",
        "contentHash": "BpE2I6HBYYA5tF0Vn4eoQOGYTYIK1BlF5EXVgkWGn3mqUUjbXAr13J6fZVbp7Q3epRR8yshacBMlsHMhpOiV3g=="
      },
      "Polly.Extensions": {
        "type": "Transitive",
        "resolved": "8.4.2",
        "contentHash": "GZ9vRVmR0jV2JtZavt+pGUsQ1O1cuRKG7R7VOZI6ZDy9y6RNPvRvXK1tuS4ffUrv8L0FTea59oEuQzgS0R7zSA==",
        "dependencies": {
          "Polly.Core": "8.4.2"
        }
      },
      "Polly.Extensions.Http": {
        "type": "Transitive",
        "resolved": "3.0.0",
        "contentHash": "drrG+hB3pYFY7w1c3BD+lSGYvH2oIclH8GRSehgfyP5kjnFnHKQuuBhuHLv+PWyFuaTDyk/vfRpnxOzd11+J8g==",
        "dependencies": {
          "Polly": "7.1.0"
        }
      },
      "Polly.RateLimiting": {
        "type": "Transitive",
        "resolved": "8.4.2",
        "contentHash": "ehTImQ/eUyO07VYW2WvwSmU9rRH200SKJ/3jku9rOkyWE0A2JxNFmAVms8dSn49QLSjmjFRRSgfNyOgr/2PSmA==",
        "dependencies": {
          "Polly.Core": "8.4.2"
        }
      },
      "elsa.api.aspnetcore": {
        "type": "Project",
        "dependencies": {
          "NativeEndpoints": "[1.0.0-preview.6, )"
        }
      },
      "elsa.foundation.identity": {
        "type": "Project",
        "dependencies": {
          "CShells.Abstractions": "[0.0.30-preview.159, )",
          "CShells.AspNetCore.Abstractions": "[0.0.30-preview.159, )",
          "Elsa.Api.AspNetCore": "[4.0.0-dev, )",
          "Elsa.Foundation.Identity.Core": "[4.0.0-dev, )"
        }
      },
      "elsa.foundation.identity.core": {
        "type": "Project"
      },
      "elsa.foundation.identity.openiddict.behavior": {
        "type": "Project",
        "dependencies": {
          "Elsa.Foundation.Identity": "[4.0.0-dev, )",
          "Elsa.Foundation.Identity.Core": "[4.0.0-dev, )",
          "OpenIddict.Abstractions": "[7.5.0, )",
          "OpenIddict.AspNetCore": "[7.5.0, )"
        }
      },
      "CShells.AspNetCore.Abstractions": {
        "type": "CentralTransitive",
        "requested": "[0.0.30-preview.159, )",
        "resolved": "0.0.30-preview.159",
        "contentHash": "13PD+8QJBhWA9gwU3Io4bFRzSDpMJrvwjfKiW7AvfSY+EaSI5Aa7Jsa26O4N7n49eN/fWXMtRhbOibYUqnom1A==",
        "dependencies": {
          "CShells.Abstractions": "0.0.30-preview.159",
          "JetBrains.Annotations": "2025.2.4"
        }
      },
      "NativeEndpoints": {
        "type": "CentralTransitive",
        "requested": "[1.0.0-preview.6, )",
        "resolved": "1.0.0-preview.6",
        "contentHash": "3TeUmdG8kjVZYj2NJeYc53kmP0M9Qj6sTBfhJjQMqrLGXgIBGdme9ivE7vlshRAqM79mRLmjICQJPAIBcdEQQw=="
      },
      "OpenIddict.Abstractions": {
        "type": "CentralTransitive",
        "requested": "[7.5.0, )",
        "resolved": "7.5.0",
        "contentHash": "4m3smhkdeWITo1UWc3zYyGketh0ELn6UZRuZEnzcyS6fuflvl1MNSHbg1wPTTGldlxcq6VwWvVvKWyaTW/25Ig==",
        "dependencies": {
          "Microsoft.IdentityModel.Tokens": "8.16.0"
        }
      },
      "OpenIddict.AspNetCore": {
        "type": "CentralTransitive",
        "requested": "[7.5.0, )",
        "resolved": "7.5.0",
        "contentHash": "D8r7Tve0mTiu27tPWhjOpGnLsblJt/vJWbzSyO4nS5Ve2IIC07QS96uKlgImADU/WW4gLWHM7gVDalHs1c8oSg==",
        "dependencies": {
          "OpenIddict": "7.5.0",
          "OpenIddict.Client.AspNetCore": "7.5.0",
          "OpenIddict.Client.DataProtection": "7.5.0",
          "OpenIddict.Server.AspNetCore": "7.5.0",
          "OpenIddict.Server.DataProtection": "7.5.0",
          "OpenIddict.Validation.AspNetCore": "7.5.0",
          "OpenIddict.Validation.DataProtection": "7.5.0"
        }
      }
    }
  }
}