{
  "version": 2,
  "dependencies": {
    "net10.0": {
      "coverlet.collector": {
        "type": "Direct",
        "requested": "[6.0.2, )",
        "resolved": "6.0.2",
        "contentHash": "bJShQ6uWRTQ100ZeyiMqcFlhP7WJ+bCuabUs885dJiBEzMsJMSFr7BOyeCw4rgvQokteGi5rKQTlkhfQPUXg2A=="
      },
      "CShells": {
        "type": "Direct",
        "requested": "[0.0.30-preview.159, )",
        "resolved": "0.0.30-preview.159",
        "contentHash": "x6qrRjUbjj9FbgeeqgUWrDoSxbW48zna/cvXhZYJGsKBmnS0cErPY/+QiFSmuAzXrcwuf9nDBod5DK7BbpIReA==",
        "dependencies": {
          "CShells.Abstractions": "0.0.30-preview.159",
          "JetBrains.Annotations": "2025.2.4",
          "Microsoft.Extensions.Configuration": "10.0.0",
          "Microsoft.Extensions.Configuration.Abstractions": "10.0.0",
          "Microsoft.Extensions.Configuration.Binder": "10.0.0",
          "Microsoft.Extensions.DependencyInjection": "10.0.0",
          "Microsoft.Extensions.DependencyInjection.Abstractions": "10.0.0",
          "Microsoft.Extensions.DependencyModel": "10.0.1",
          "Microsoft.Extensions.Hosting.Abstractions": "10.0.0",
          "Microsoft.Extensions.Logging": "10.0.0",
          "Microsoft.Extensions.Logging.Abstractions": "10.0.0"
        }
      },
      "Microsoft.Extensions.DependencyInjection": {
        "type": "Direct",
        "requested": "[10.0.10, )",
        "resolved": "10.0.10",
        "contentHash": "ANyvsgkNBRvcJh2XLgn8veGmajf+8m0AbKK+HPWdRL1yraSNVVSmQhFntLtdz/C795jxqqup+k05cs/3jZQPOA==",
        "dependencies": {
          "Microsoft.Extensions.DependencyInjection.Abstractions": "10.0.10"
        }
      },
      "Microsoft.Extensions.TimeProvider.Testing": {
        "type": "Direct",
        "requested": "[10.8.0, )",
        "resolved": "10.8.0",
        "contentHash": "xXcxGfXSO/8o7IfYK36r3eZTl9RMKAl5K6x3x6o/QQBolI0t8vsLIGmhc3HJBTd11u1uPLHz61VnOTSTmY7ZVA=="
      },
      "Microsoft.NET.Test.Sdk": {
        "type": "Direct",
        "requested": "[18.0.0, )",
        "resolved": "18.0.0",
        "contentHash": "bvxj2Asb7nT+tqOFFerrhQeEjUYLwx0Poi0Rznu63WbqN+A4uDn1t5NWXfAOOQsF6lpmK6N2v+Vvgso7KWZS7g==",
        "dependencies": {
          "Microsoft.CodeCoverage": "18.0.0",
          "Microsoft.TestPlatform.TestHost": "18.0.0"
        }
      },
      "xunit": {
        "type": "Direct",
        "requested": "[2.9.3, )",
        "resolved": "2.9.3",
        "contentHash": "TlXQBinK35LpOPKHAqbLY4xlEen9TBafjs0V5KnA4wZsoQLQJiirCR4CbIXvOH8NzkW4YeJKP5P/Bnrodm0h9Q==",
        "dependencies": {
          "xunit.analyzers": "1.18.0",
          "xunit.assert": "2.9.3",
          "xunit.core": "[2.9.3]"
        }
      },
      "xunit.runner.visualstudio": {
        "type": "Direct",
        "requested": "[3.1.5, )",
        "resolved": "3.1.5",
        "contentHash": "tKi7dSTwP4m5m9eXPM2Ime4Kn7xNf4x4zT9sdLO/G4hZVnQCRiMTWoSZqI/pYTVeI27oPPqHBKYI/DjJ9GsYgA=="
      },
      "JetBrains.Annotations": {
        "type": "Transitive",
        "resolved": "2025.2.4",
        "contentHash": "TwbgxAkXxY+vNEhNVx/QXjJ4vqxmepOjsgRvvImQPbHkHMMb4W+ahL3laMsxXKtNT7iMy+E1B3xkqao2hf1n3A=="
      },
      "Microsoft.AspNetCore.Http.Extensions": {
        "type": "Transitive",
        "resolved": "2.3.9",
        "contentHash": "SGsOQz6v1GoE3Wa4vUPs855nvcG75JfQrwcUd/siR5eci8vmWz62V0a4KqMW3ZV65zUMdQOqbT7JvmTdqh0Fxw==",
        "dependencies": {
          "Microsoft.AspNetCore.Http.Abstractions": "2.3.0",
          "Microsoft.Extensions.FileProviders.Abstractions": "8.0.0",
          "Microsoft.Net.Http.Headers": "2.3.8"
        }
      },
      "Microsoft.AspNetCore.Http.Features": {
        "type": "Transitive",
        "resolved": "2.3.9",
        "contentHash": "nDWDF0YBgElg6f0omqJ8DupmITQg5p4lklBxFpVR83tQQhOG2tw9Fa5ul8b+KywsYBsyfn9DschUmfzOV6RvGw==",
        "dependencies": {
          "Microsoft.Extensions.Primitives": "8.0.0"
        }
      },
      "Microsoft.CodeCoverage": {
        "type": "Transitive",
        "resolved": "18.0.0",
        "contentHash": "DFPhMrsIofgJ1DDU3ModqqRArDm15/bNl4ecmcuBspZkZ4ONYnCC0R8U27WzK7cYv6r8l6Q/fRmvg7cb+I/dJA=="
      },
      "Microsoft.Extensions.Configuration.Binder": {
        "type": "Transitive",
        "resolved": "10.0.0",
        "contentHash": "tMF9wNh+hlyYDWB8mrFCQHQmWHlRosol1b/N2Jrefy1bFLnuTlgSYmPyHNmz8xVQgs7DpXytBRWxGhG+mSTp0g==",
        "dependencies": {
          "Microsoft.Extensions.Configuration": "10.0.0",
          "Microsoft.Extensions.Configuration.Abstractions": "10.0.0"
        }
      },
      "Microsoft.Extensions.DependencyModel": {
        "type": "Transitive",
        "resolved": "10.0.1",
        "contentHash": "IiWPd4j8JLNjSkyXl5hvJwX2ZENDVQVPDHYgZmYdw8+YkY2xp9iQt0vjdnAQZLpo/ipeW1xgOqfSBEnivKWPYQ=="
      },
      "Microsoft.Extensions.Diagnostics.Abstractions": {
        "type": "Transitive",
        "resolved": "10.0.10",
        "contentHash": "9uWiKpeOVac355STyChWR/pliFX/5CeLqChW9kKsaxyDH4EUTZxMkT4Jwp/J/peLm0GBFmSX5c0WCse3yCnq1Q==",
        "dependencies": {
          "Microsoft.Extensions.DependencyInjection.Abstractions": "10.0.10",
          "Microsoft.Extensions.Options": "10.0.10"
        }
      },
      "Microsoft.Extensions.FileProviders.Abstractions": {
        "type": "Transitive",
        "resolved": "10.0.10",
        "contentHash": "c5zqFCY9DiIpMovLd7/d/CTiEtrMOuQ639dhv3PABtKQIKNQikSHwQt8+N679uii9q+B55lgK28Uv64FOwEu8w==",
        "dependencies": {
          "Microsoft.Extensions.Primitives": "10.0.10"
        }
      },
      "Microsoft.Extensions.ObjectPool": {
        "type": "Transitive",
        "resolved": "8.0.11",
        "contentHash": "6ApKcHNJigXBfZa6XlDQ8feJpq7SG1ogZXg6M4FiNzgd6irs3LUAzo0Pfn4F2ZI9liGnH1XIBR/OtSbZmJAV5w=="
      },
      "Microsoft.Net.Http.Headers": {
        "type": "Transitive",
        "resolved": "2.3.8",
        "contentHash": "JO60u/VVUdaZfv4XQ//zgcH54y8rnxdpcvXnsDqWLKB4adDKaCiaozixDfQ/6H+PKYfkNV2CL8b8U+F9mciE3Q==",
        "dependencies": {
          "Microsoft.Extensions.Primitives": "8.0.0"
        }
      },
      "Microsoft.TestPlatform.ObjectModel": {
        "type": "Transitive",
        "resolved": "18.0.0",
        "contentHash": "Al/a99ymb8UdEEh6DKNiaoFn5i8fvX5PdM9LfU9Z/Q8NJrlyHHzF+LRHLbR+t89gRsJ2fFMpwYxgEn3eH1BQwA=="
      },
      "Microsoft.TestPlatform.TestHost": {
        "type": "Transitive",
        "resolved": "18.0.0",
        "contentHash": "aAxE8Thr9ZHGrljOYaDeLJqitQi75iE4xeEFn6CEGFirlHSn1KwpKPniuEn6zCLZ90Z3XqNlrC3ZJTuvBov45w==",
        "dependencies": {
          "Microsoft.TestPlatform.ObjectModel": "18.0.0",
          "Newtonsoft.Json": "13.0.3"
        }
      },
      "xunit.abstractions": {
        "type": "Transitive",
        "resolved": "2.0.3",
        "contentHash": "pot1I4YOxlWjIb5jmwvvQNbTrZ3lJQ+jUGkGjWE3hEFM0l5gOnBWS+H3qsex68s5cO52g+44vpGzhAt+42vwKg=="
      },
      "xunit.analyzers": {
        "type": "Transitive",
        "resolved": "1.18.0",
        "contentHash": "OtFMHN8yqIcYP9wcVIgJrq01AfTxijjAqVDy/WeQVSyrDC1RzBWeQPztL49DN2syXRah8TYnfvk035s7L95EZQ=="
      },
      "xunit.assert": {
        "type": "Transitive",
        "resolved": "2.9.3",
        "contentHash": "/Kq28fCE7MjOV42YLVRAJzRF0WmEqsmflm0cfpMjGtzQ2lR5mYVj1/i0Y8uDAOLczkL3/jArrwehfMD0YogMAA=="
      },
      "xunit.core": {
        "type": "Transitive",
        "resolved": "2.9.3",
        "contentHash": "BiAEvqGvyme19wE0wTKdADH+NloYqikiU0mcnmiNyXaF9HyHmE6sr/3DC5vnBkgsWaE6yPyWszKSPSApWdRVeQ==",
        "dependencies": {
          "xunit.extensibility.core": "[2.9.3]",
          "xunit.extensibility.execution": "[2.9.3]"
        }
      },
      "xunit.extensibility.core": {
        "type": "Transitive",
        "resolved": "2.9.3",
        "contentHash": "kf3si0YTn2a8J8eZNb+zFpwfoyvIrQ7ivNk5ZYA5yuYk1bEtMe4DxJ2CF/qsRgmEnDr7MnW1mxylBaHTZ4qErA==",
        "dependencies": {
          "xunit.abstractions": "2.0.3"
        }
      },
      "xunit.extensibility.execution": {
        "type": "Transitive",
        "resolved": "2.9.3",
        "contentHash": "yMb6vMESlSrE3Wfj7V6cjQ3S4TXdXpRqYeNEI3zsX31uTsGMJjEw6oD5F5u1cHnMptjhEECnmZSsPxB6ChZHDQ==",
        "dependencies": {
          "xunit.extensibility.core": "[2.9.3]"
        }
      },
      "elsa.activities.controlflow": {
        "type": "Project",
        "dependencies": {
          "CShells.Abstractions": "[0.0.30-preview.159, )",
          "Elsa.Activities.Runtime.Core": "[4.0.0-dev, )",
          "Elsa.Workflows.Design.Core": "[4.0.0-dev, )",
          "Elsa.Workflows.Design.Validations.Core": "[4.0.0-dev, )",
          "Elsa.Workflows.Runtime.Core": "[4.0.0-dev, )"
        }
      },
      "elsa.activities.design.core": {
        "type": "Project",
        "dependencies": {
          "Elsa.Events.Core": "[4.0.0-dev, )",
          "Elsa.Primitives": "[4.0.0-dev, )"
        }
      },
      "elsa.activities.flowchart": {
        "type": "Project",
        "dependencies": {
          "CShells.Abstractions": "[0.0.30-preview.159, )",
          "Elsa.Activities.Runtime.Core": "[4.0.0-dev, )",
          "Elsa.Workflows.Design.Core": "[4.0.0-dev, )",
          "Elsa.Workflows.Runtime": "[4.0.0-dev, )",
          "Elsa.Workflows.Runtime.Core": "[4.0.0-dev, )"
        }
      },
      "elsa.activities.http": {
        "type": "Project",
        "dependencies": {
          "CShells.Abstractions": "[0.0.30-preview.159, )",
          "CShells.AspNetCore.Abstractions": "[0.0.30-preview.159, )",
          "Elsa.Activities.Runtime.Core": "[4.0.0-dev, )",
          "Elsa.Http.Core": "[4.0.0-dev, )",
          "Elsa.Primitives": "[4.0.0-dev, )",
          "Elsa.Serialization.Core": "[4.0.0-dev, )",
          "Elsa.Workflows.Runtime.Core": "[4.0.0-dev, )"
        }
      },
      "elsa.activities.primitives": {
        "type": "Project",
        "dependencies": {
          "CShells.Abstractions": "[0.0.30-preview.159, )",
          "Elsa.Activities.Runtime": "[4.0.0-dev, )",
          "Elsa.Activities.Runtime.Core": "[4.0.0-dev, )",
          "Elsa.Primitives": "[4.0.0-dev, )",
          "Elsa.Serialization.Core": "[4.0.0-dev, )",
          "Elsa.Workflows.Runtime.Core": "[4.0.0-dev, )"
        }
      },
      "elsa.activities.runtime": {
        "type": "Project",
        "dependencies": {
          "CShells.Abstractions": "[0.0.30-preview.159, )",
          "Elsa.Activities.Runtime.Core": "[4.0.0-dev, )",
          "Elsa.Events.Core": "[4.0.0-dev, )",
          "Elsa.Primitives": "[4.0.0-dev, )",
          "Elsa.Tasks.Core": "[4.0.0-dev, )",
          "Elsa.Workflows.Runtime": "[4.0.0-dev, )",
          "Elsa.Workflows.Runtime.Core": "[4.0.0-dev, )",
          "Microsoft.Extensions.Logging.Abstractions": "[10.0.10, )"
        }
      },
      "elsa.activities.runtime.core": {
        "type": "Project",
        "dependencies": {
          "Elsa.Events.Core": "[4.0.0-dev, )",
          "Elsa.Expressions.Core": "[4.0.0-dev, )",
          "Elsa.Primitives": "[4.0.0-dev, )"
        }
      },
      "elsa.activities.scheduling": {
        "type": "Project",
        "dependencies": {
          "CShells.Abstractions": "[0.0.30-preview.159, )",
          "Elsa.Activities.Runtime.Core": "[4.0.0-dev, )",
          "Elsa.Primitives": "[4.0.0-dev, )",
          "Elsa.Workflows.Runtime.Core": "[4.0.0-dev, )"
        }
      },
      "elsa.activities.scripting": {
        "type": "Project",
        "dependencies": {
          "CShells.Abstractions": "[0.0.30-preview.159, )",
          "Elsa.Activities.Runtime.Core": "[4.0.0-dev, )",
          "Elsa.Expressions.JavaScript.Core": "[4.0.0-dev, )",
          "Elsa.Primitives": "[4.0.0-dev, )"
        }
      },
      "elsa.activities.sequence": {
        "type": "Project",
        "dependencies": {
          "CShells.Abstractions": "[0.0.30-preview.159, )",
          "Elsa.Activities.Runtime.Core": "[4.0.0-dev, )",
          "Elsa.Workflows.Design.Core": "[4.0.0-dev, )",
          "Elsa.Workflows.Runtime.Core": "[4.0.0-dev, )"
        }
      },
      "elsa.activities.testing": {
        "type": "Project",
        "dependencies": {
          "Elsa.Activities.Primitives": "[4.0.0-dev, )",
          "Elsa.Activities.Runtime": "[4.0.0-dev, )",
          "Elsa.Activities.Runtime.Core": "[4.0.0-dev, )",
          "Elsa.Http": "[4.0.0-dev, )",
          "Elsa.Http.Core": "[4.0.0-dev, )",
          "Elsa.Serialization.SystemText": "[4.0.0-dev, )",
          "Elsa.Workflows.Runtime.Api": "[4.0.0-dev, )",
          "Elsa.Workflows.Runtime.Core": "[4.0.0-dev, )",
          "Microsoft.AspNetCore.Authentication.Abstractions": "[2.3.11, )",
          "Microsoft.AspNetCore.Http.Abstractions": "[2.3.10, )",
          "Microsoft.AspNetCore.Routing": "[2.3.10, )",
          "Microsoft.Extensions.Caching.Memory": "[10.0.10, )",
          "Microsoft.Extensions.DependencyInjection": "[10.0.10, )",
          "Microsoft.Extensions.Logging.Abstractions": "[10.0.10, )",
          "xunit": "[2.9.3, )"
        }
      },
      "elsa.api.aspnetcore": {
        "type": "Project",
        "dependencies": {
          "Elsa.Primitives": "[4.0.0-dev, )",
          "NativeEndpoints": "[1.0.0-preview.6, )"
        }
      },
      "elsa.api.capabilities": {
        "type": "Project",
        "dependencies": {
          "CShells.Abstractions": "[0.0.30-preview.159, )",
          "CShells.AspNetCore.Abstractions": "[0.0.30-preview.159, )",
          "Elsa.Api.AspNetCore": "[4.0.0-dev, )",
          "Elsa.Events.Core": "[4.0.0-dev, )",
          "Elsa.Foundation.Identity": "[4.0.0-dev, )",
          "Elsa.Foundation.Identity.Core": "[4.0.0-dev, )",
          "NativeEndpoints": "[1.0.0-preview.6, )"
        }
      },
      "elsa.attention.core": {
        "type": "Project"
      },
      "elsa.caching.core": {
        "type": "Project",
        "dependencies": {
          "Microsoft.Extensions.Caching.Abstractions": "[10.0.10, )",
          "Microsoft.Extensions.Primitives": "[10.0.10, )"
        }
      },
      "elsa.cluster.core": {
        "type": "Project",
        "dependencies": {
          "Elsa.Primitives": "[4.0.0-dev, )",
          "Microsoft.Extensions.DependencyInjection.Abstractions": "[10.0.10, )",
          "Microsoft.Extensions.Options": "[10.0.10, )",
          "Microsoft.Extensions.Primitives": "[10.0.10, )"
        }
      },
      "elsa.events": {
        "type": "Project",
        "dependencies": {
          "CShells.Abstractions": "[0.0.30-preview.159, )",
          "Elsa.Events.Core": "[4.0.0-dev, )",
          "Elsa.Events.Strategies": "[4.0.0-dev, )",
          "Elsa.Pipelines.Core": "[4.0.0-dev, )",
          "Elsa.Primitives": "[4.0.0-dev, )",
          "Elsa.Tasks.Core": "[4.0.0-dev, )",
          "Microsoft.Extensions.Logging.Abstractions": "[10.0.10, )"
        }
      },
      "elsa.events.core": {
        "type": "Project",
        "dependencies": {
          "Elsa.Pipelines.Core": "[4.0.0-dev, )",
          "Microsoft.Extensions.DependencyInjection.Abstractions": "[10.0.10, )"
        }
      },
      "elsa.events.strategies": {
        "type": "Project",
        "dependencies": {
          "Elsa.Events.Core": "[4.0.0-dev, )",
          "Elsa.Primitives": "[4.0.0-dev, )",
          "Microsoft.Extensions.DependencyInjection.Abstractions": "[10.0.10, )"
        }
      },
      "elsa.expressions": {
        "type": "Project",
        "dependencies": {
          "CShells.Abstractions": "[0.0.30-preview.159, )",
          "Elsa.Events.Core": "[4.0.0-dev, )",
          "Elsa.Expressions.Core": "[4.0.0-dev, )",
          "Elsa.Serialization.Core": "[4.0.0-dev, )",
          "Elsa.Workflows.Design.Core": "[4.0.0-dev, )",
          "Microsoft.Extensions.Logging.Abstractions": "[10.0.10, )"
        }
      },
      "elsa.expressions.core": {
        "type": "Project",
        "dependencies": {
          "Elsa.Primitives": "[4.0.0-dev, )"
        }
      },
      "elsa.expressions.javascript": {
        "type": "Project",
        "dependencies": {
          "Acornima": "[1.6.1, )",
          "CShells.Abstractions": "[0.0.30-preview.159, )",
          "Elsa.Events.Core": "[4.0.0-dev, )",
          "Elsa.Expressions.JavaScript.Core": "[4.0.0-dev, )",
          "Elsa.Serialization.Core": "[4.0.0-dev, )",
          "Microsoft.Extensions.DependencyInjection.Abstractions": "[10.0.10, )"
        }
      },
      "elsa.expressions.javascript.core": {
        "type": "Project",
        "dependencies": {
          "Elsa.Expressions.Core": "[4.0.0-dev, )"
        }
      },
      "elsa.expressions.javascript.jint": {
        "type": "Project",
        "dependencies": {
          "CShells.Abstractions": "[0.0.30-preview.159, )",
          "Elsa.Expressions.JavaScript.Core": "[4.0.0-dev, )",
          "Jint": "[4.9.1, )",
          "Microsoft.Extensions.Options": "[10.0.10, )"
        }
      },
      "elsa.expressions.javascript.rendering.core": {
        "type": "Project",
        "dependencies": {
          "Elsa.Events.Core": "[4.0.0-dev, )"
        }
      },
      "elsa.foundation.identity": {
        "type": "Project",
        "dependencies": {
          "CShells.Abstractions": "[0.0.30-preview.159, )",
          "CShells.AspNetCore.Abstractions": "[0.0.30-preview.159, )",
          "Elsa.Api.AspNetCore": "[4.0.0-dev, )",
          "Elsa.Foundation.Identity.Core": "[4.0.0-dev, )"
        }
      },
      "elsa.foundation.identity.core": {
        "type": "Project"
      },
      "elsa.http": {
        "type": "Project",
        "dependencies": {
          "CShells.Abstractions": "[0.0.30-preview.159, )",
          "Elsa.Api.AspNetCore": "[4.0.0-dev, )",
          "Elsa.Caching.Core": "[4.0.0-dev, )",
          "Elsa.Http.Core": "[4.0.0-dev, )",
          "Elsa.Primitives": "[4.0.0-dev, )",
          "Elsa.Serialization.Core": "[4.0.0-dev, )"
        }
      },
      "elsa.http.core": {
        "type": "Project"
      },
      "elsa.locking.core": {
        "type": "Project"
      },
      "elsa.mediator.core": {
        "type": "Project",
        "dependencies": {
          "Elsa.Pipelines.Core": "[4.0.0-dev, )",
          "Microsoft.Extensions.DependencyInjection.Abstractions": "[10.0.10, )"
        }
      },
      "elsa.pipelines.core": {
        "type": "Project",
        "dependencies": {
          "Microsoft.Extensions.DependencyInjection.Abstractions": "[10.0.10, )"
        }
      },
      "elsa.primitives": {
        "type": "Project"
      },
      "elsa.serialization.core": {
        "type": "Project",
        "dependencies": {
          "Elsa.Events.Core": "[4.0.0-dev, )",
          "Elsa.Primitives": "[4.0.0-dev, )"
        }
      },
      "elsa.serialization.systemtext": {
        "type": "Project",
        "dependencies": {
          "CShells.Abstractions": "[0.0.30-preview.159, )",
          "Elsa.Events.Core": "[4.0.0-dev, )",
          "Elsa.Expressions.Core": "[4.0.0-dev, )",
          "Elsa.Primitives": "[4.0.0-dev, )",
          "Elsa.Serialization.Core": "[4.0.0-dev, )",
          "Elsa.Tasks.Core": "[4.0.0-dev, )",
          "Microsoft.Extensions.DependencyInjection.Abstractions": "[10.0.10, )",
          "Microsoft.Extensions.Logging.Abstractions": "[10.0.10, )"
        }
      },
      "elsa.tasks": {
        "type": "Project",
        "dependencies": {
          "CShells.Abstractions": "[0.0.30-preview.159, )",
          "Elsa.Cluster.Core": "[4.0.0-dev, )",
          "Elsa.Locking.Core": "[4.0.0-dev, )",
          "Elsa.Primitives": "[4.0.0-dev, )",
          "Elsa.Tasks.Core": "[4.0.0-dev, )",
          "Microsoft.Extensions.Logging.Abstractions": "[10.0.10, )",
          "Microsoft.Extensions.Options": "[10.0.10, )"
        }
      },
      "elsa.tasks.core": {
        "type": "Project",
        "dependencies": {
          "Microsoft.Extensions.DependencyInjection.Abstractions": "[10.0.10, )"
        }
      },
      "elsa.tasks.schedules": {
        "type": "Project",
        "dependencies": {
          "Cronos": "[0.13.0, )",
          "Elsa.Primitives": "[4.0.0-dev, )",
          "Elsa.Tasks.Core": "[4.0.0-dev, )",
          "Microsoft.Extensions.Logging.Abstractions": "[10.0.10, )"
        }
      },
      "elsa.workflows.design.core": {
        "type": "Project",
        "dependencies": {
          "Elsa.Activities.Design.Core": "[4.0.0-dev, )",
          "Elsa.Events.Core": "[4.0.0-dev, )",
          "Elsa.Expressions.Core": "[4.0.0-dev, )",
          "Elsa.Primitives": "[4.0.0-dev, )",
          "Microsoft.Extensions.DependencyInjection.Abstractions": "[10.0.10, )"
        }
      },
      "elsa.workflows.design.validations.core": {
        "type": "Project",
        "dependencies": {
          "Elsa.Events.Core": "[4.0.0-dev, )",
          "Elsa.Workflows.Design.Core": "[4.0.0-dev, )"
        }
      },
      "elsa.workflows.runtime": {
        "type": "Project",
        "dependencies": {
          "CShells.Abstractions": "[0.0.30-preview.159, )",
          "Elsa.Activities.Runtime.Core": "[4.0.0-dev, )",
          "Elsa.Attention.Core": "[4.0.0-dev, )",
          "Elsa.Tasks.Core": "[4.0.0-dev, )",
          "Elsa.Tasks.Schedules": "[4.0.0-dev, )",
          "Elsa.Workflows.Runtime.Core": "[4.0.0-dev, )",
          "Microsoft.Extensions.DependencyInjection": "[10.0.10, )",
          "Microsoft.Extensions.DependencyInjection.Abstractions": "[10.0.10, )",
          "Microsoft.Extensions.Logging.Abstractions": "[10.0.10, )",
          "Microsoft.Extensions.Options": "[10.0.10, )"
        }
      },
      "elsa.workflows.runtime.api": {
        "type": "Project",
        "dependencies": {
          "Elsa.Api.AspNetCore": "[4.0.0-dev, )",
          "Elsa.Api.Capabilities": "[4.0.0-dev, )",
          "Elsa.Foundation.Identity": "[4.0.0-dev, )",
          "Elsa.Foundation.Identity.Core": "[4.0.0-dev, )",
          "Elsa.Mediator.Core": "[4.0.0-dev, )",
          "Elsa.Workflows.Runtime": "[4.0.0-dev, )",
          "Elsa.Workflows.Runtime.Core": "[4.0.0-dev, )",
          "NativeEndpoints": "[1.0.0-preview.6, )"
        }
      },
      "elsa.workflows.runtime.core": {
        "type": "Project",
        "dependencies": {
          "Elsa.Activities.Runtime.Core": "[4.0.0-dev, )",
          "Elsa.Expressions.Core": "[4.0.0-dev, )",
          "Elsa.Primitives": "[4.0.0-dev, )",
          "Elsa.Serialization.Core": "[4.0.0-dev, )",
          "Microsoft.Extensions.DependencyInjection.Abstractions": "[10.0.10, )",
          "Microsoft.Extensions.Logging.Abstractions": "[10.0.10, )"
        }
      },
      "elsa.workflows.runtime.javascript": {
        "type": "Project",
        "dependencies": {
          "CShells.Abstractions": "[0.0.30-preview.159, )",
          "CShells.AspNetCore.Abstractions": "[0.0.30-preview.159, )",
          "Elsa.Api.AspNetCore": "[4.0.0-dev, )",
          "Elsa.Events.Core": "[4.0.0-dev, )",
          "Elsa.Expressions.JavaScript.Core": "[4.0.0-dev, )",
          "Elsa.Expressions.JavaScript.Rendering.Core": "[4.0.0-dev, )",
          "Elsa.Foundation.Identity": "[4.0.0-dev, )",
          "Elsa.Foundation.Identity.Core": "[4.0.0-dev, )",
          "Elsa.Primitives": "[4.0.0-dev, )",
          "Elsa.Workflows.Runtime.Core": "[4.0.0-dev, )",
          "NativeEndpoints": "[1.0.0-preview.6, )"
        }
      },
      "Acornima": {
        "type": "CentralTransitive",
        "requested": "[1.6.1, )",
        "resolved": "1.6.1",
        "contentHash": "EB2vFgpNar8DrC+KLJv8MG6YIU2xqNyrq8GpL69vectPCXoaq6XyZGb/VHbfPVYul7dscO1Mw30eblrxs05RHg=="
      },
      "Cronos": {
        "type": "CentralTransitive",
        "requested": "[0.13.0, )",
        "resolved": "0.13.0",
        "contentHash": "Nkve+Yi0+ol3ntSBRHeW0ka9cJQ8vndSUvvkXqF9LVqwpoqWueyxu/HS275r98RDOmF7/mzRnZW5XXUBXob+TA=="
      },
      "CShells.Abstractions": {
        "type": "CentralTransitive",
        "requested": "[0.0.30-preview.159, )",
        "resolved": "0.0.30-preview.159",
        "contentHash": "es495Gvvqx1t0DJomzsfoxlIE/k8ZMEj3OaL/uKvdUd5cXpfQowko63T03LlRhTBS7Nhm6xoPoQW1cZAx6e8uQ==",
        "dependencies": {
          "JetBrains.Annotations": "2025.2.4",
          "Microsoft.Extensions.Configuration": "10.0.0",
          "Microsoft.Extensions.DependencyInjection.Abstractions": "10.0.0",
          "Microsoft.Extensions.Options": "10.0.0"
        }
      },
      "CShells.AspNetCore.Abstractions": {
        "type": "CentralTransitive",
        "requested": "[0.0.30-preview.159, )",
        "resolved": "0.0.30-preview.159",
        "contentHash": "13PD+8QJBhWA9gwU3Io4bFRzSDpMJrvwjfKiW7AvfSY+EaSI5Aa7Jsa26O4N7n49eN/fWXMtRhbOibYUqnom1A==",
        "dependencies": {
          "CShells.Abstractions": "0.0.30-preview.159",
          "JetBrains.Annotations": "2025.2.4"
        }
      },
      "Jint": {
        "type": "CentralTransitive",
        "requested": "[4.9.1, )",
        "resolved": "4.9.1",
        "contentHash": "y878epycKuwyksZZOhB9LkuQed4P/v4yDdYK3H6lYJObGzhya6Saa9smWOLFscRDhgB4CVaXIYKPQEpNscwbNg==",
        "dependencies": {
          "Acornima": "1.6.1"
        }
      },
      "Microsoft.AspNetCore.Authentication.Abstractions": {
        "type": "CentralTransitive",
        "requested": "[2.3.11, )",
        "resolved": "2.3.11",
        "contentHash": "2Hklqme2cDAbWOK5+6hQhyvyENhgeNpWjM5/kkY26cHgldAUIIzIo795X/ja+Yt5N41KHv4k2FfFU24gGkeNEw==",
        "dependencies": {
          "Microsoft.AspNetCore.Http.Abstractions": "2.3.10",
          "Microsoft.Extensions.Logging.Abstractions": "8.0.2",
          "Microsoft.Extensions.Options": "8.0.2"
        }
      },
      "Microsoft.AspNetCore.Http.Abstractions": {
        "type": "CentralTransitive",
        "requested": "[2.3.10, )",
        "resolved": "2.3.10",
        "contentHash": "FD6mE5v3qB/sEcnLNni1oHsATuLHIFzsKHCulUZS7iaJez8+TkD432L89DQtU9PfjCkaPO0JOQjB4tS4L8oZXQ==",
        "dependencies": {
          "Microsoft.AspNetCore.Http.Features": "2.3.9"
        }
      },
      "Microsoft.AspNetCore.Routing": {
        "type": "CentralTransitive",
        "requested": "[2.3.10, )",
        "resolved": "2.3.10",
        "contentHash": "pL8hAGpUty81iaJLu+tn3FQZYOo3jKSrGcFWeaLKJuepNSuwsOnjVUSlvf8JXsJptXHPb97Rb8oF3T4pKAcXuw==",
        "dependencies": {
          "Microsoft.AspNetCore.Http.Extensions": "2.3.9",
          "Microsoft.AspNetCore.Routing.Abstractions": "2.3.9",
          "Microsoft.Extensions.Logging.Abstractions": "8.0.2",
          "Microsoft.Extensions.ObjectPool": "8.0.11",
          "Microsoft.Extensions.Options": "8.0.2"
        }
      },
      "Microsoft.AspNetCore.Routing.Abstractions": {
        "type": "CentralTransitive",
        "requested": "[2.3.10, )",
        "resolved": "2.3.10",
        "contentHash": "cHVPZEzSIkRTCWluI4zPhmA+Fapv6Erx4yNvApm0n2E2L6+fJZ87qXvwDFnCxYnFXc+NnkfguczqaavszvWfEw==",
        "dependencies": {
          "Microsoft.AspNetCore.Http.Abstractions": "2.3.9"
        }
      },
      "Microsoft.Extensions.Caching.Abstractions": {
        "type": "CentralTransitive",
        "requested": "[10.0.10, )",
        "resolved": "10.0.10",
        "contentHash": "4ZFBNE+jzR+CrWWlhOesnmywCW7pYKT0dxyAQRdL11yJwxe4jvcAu31eorFtEkoFeCDcUTeNssgPv2yaRRptaQ==",
        "dependencies": {
          "Microsoft.Extensions.Primitives": "10.0.10"
        }
      },
      "Microsoft.Extensions.Caching.Memory": {
        "type": "CentralTransitive",
        "requested": "[10.0.10, )",
        "resolved": "10.0.10",
        "contentHash": "N1w5H7uK6gCTnCBZAWzE0/EQYSPysij/uYwDqntqBVvBa6bjMmBKitsnEFd6yh/SX3wLm67nO6+OnZ84K+gZWg==",
        "dependencies": {
          "Microsoft.Extensions.Caching.Abstractions": "10.0.10",
          "Microsoft.Extensions.DependencyInjection.Abstractions": "10.0.10",
          "Microsoft.Extensions.Logging.Abstractions": "10.0.10",
          "Microsoft.Extensions.Options": "10.0.10",
          "Microsoft.Extensions.Primitives": "10.0.10"
        }
      },
      "Microsoft.Extensions.Configuration": {
        "type": "CentralTransitive",
        "requested": "[10.0.10, )",
        "resolved": "10.0.10",
        "contentHash": "plJWK2zpWuuyxI8F8s2scx6Je7N1Ajjs6HvYUGKwRnDMWIVIz9FHwAkiT7ASgrvAOd10T0FPVlh9BzAJJME+jg==",
        "dependencies": {
          "Microsoft.Extensions.Configuration.Abstractions": "10.0.10",
          "Microsoft.Extensions.Primitives": "10.0.10"
        }
      },
      "Microsoft.Extensions.Configuration.Abstractions": {
        "type": "CentralTransitive",
        "requested": "[10.0.10, )",
        "resolved": "10.0.10",
        "contentHash": "5Vnd2I75DmZCVEjSynIdJ/0EGafgnLQwgR3t2C2/fkjx/nRG+cLwxLLdInoHeCEpkD5K4Ov/g9ZCRYrl4TRsaA==",
        "dependencies": {
          "Microsoft.Extensions.Primitives": "10.0.10"
        }
      },
      "Microsoft.Extensions.DependencyInjection.Abstractions": {
        "type": "CentralTransitive",
        "requested": "[10.0.10, )",
        "resolved": "10.0.10",
        "contentHash": "z/2xXlFw2aLGjHyEm6E0tQ+In6VfzQzTrtArbQ2c0TQE16ZbyDCMGPvaUT9I0s8rgy9sRWlU2P9waW37qV04qA=="
      },
      "Microsoft.Extensions.Hosting.Abstractions": {
        "type": "CentralTransitive",
        "requested": "[10.0.10, )",
        "resolved": "10.0.10",
        "contentHash": "5LugpYGHk+mkn0a8IZgcyfBca8PCTAU9RQFoMrTdtOOidq88M2SI5f3px6ugnzgxC+eTkvYYJi8pzlUnG5xdAQ==",
        "dependencies": {
          "Microsoft.Extensions.Configuration.Abstractions": "10.0.10",
          "Microsoft.Extensions.DependencyInjection.Abstractions": "10.0.10",
          "Microsoft.Extensions.Diagnostics.Abstractions": "10.0.10",
          "Microsoft.Extensions.FileProviders.Abstractions": "10.0.10",
          "Microsoft.Extensions.Logging.Abstractions": "10.0.10"
        }
      },
      "Microsoft.Extensions.Logging": {
        "type": "CentralTransitive",
        "requested": "[10.0.10, )",
        "resolved": "10.0.10",
        "contentHash": "Tf6z5HsL0VDYRTfvsoNrTGHGheCwkTsZBA2FFh5ATJUbkAwug+FFNISJK2gjpUNemlAOoWllAK52HOWCjto3EQ==",
        "dependencies": {
          "Microsoft.Extensions.DependencyInjection": "10.0.10",
          "Microsoft.Extensions.Logging.Abstractions": "10.0.10",
          "Microsoft.Extensions.Options": "10.0.10"
        }
      },
      "Microsoft.Extensions.Logging.Abstractions": {
        "type": "CentralTransitive",
        "requested": "[10.0.10, )",
        "resolved": "10.0.10",
        "contentHash": "zkFxGYUvdxAvIKTyXHrmW+Sux53D4SezD9dMyZ6hrwwzPQJNuwCRy1f5W7AvYTqacEGhWF2XderRQG1OvbV8og==",
        "dependencies": {
          "Microsoft.Extensions.DependencyInjection.Abstractions": "10.0.10"
        }
      },
      "Microsoft.Extensions.Options": {
        "type": "CentralTransitive",
        "requested": "[10.0.10, )",
        "resolved": "10.0.10",
        "contentHash": "srnhnk7nE8krBiIXp71LvBmKBtraBONWSRzdjJgRv1Ko9Mp8IVNqv4vIS9hGeVteBig8aQkva9ZG+sC+o5sVcA==",
        "dependencies": {
          "Microsoft.Extensions.DependencyInjection.Abstractions": "10.0.10",
          "Microsoft.Extensions.Primitives": "10.0.10"
        }
      },
      "Microsoft.Extensions.Primitives": {
        "type": "CentralTransitive",
        "requested": "[10.0.10, )",
        "resolved": "10.0.10",
        "contentHash": "5wu/GrYVd8mG2DVUw3vFJzF+O336TyTGg/Kmcgw9bfwYhCoFiV5lR5QeEmKecJyrW4W54nMfD3p3589E8a7czQ=="
      },
      "NativeEndpoints": {
        "type": "CentralTransitive",
        "requested": "[1.0.0-preview.6, )",
        "resolved": "1.0.0-preview.6",
        "contentHash": "3TeUmdG8kjVZYj2NJeYc53kmP0M9Qj6sTBfhJjQMqrLGXgIBGdme9ivE7vlshRAqM79mRLmjICQJPAIBcdEQQw=="
      },
      "Newtonsoft.Json": {
        "type": "CentralTransitive",
        "requested": "[13.0.4, )",
        "resolved": "13.0.4",
        "contentHash": "pdgNNMai3zv51W5aq268sujXUyx7SNdE2bj1wZcWjAQrKMFZV260lbqYop1d2GM67JI1huLRwxo9ZqnfF/lC6A=="
      }
    }
  }
}