<Solution>
  <Folder Name="/samples/">
    <Project Path="samples/Elsa.Samples.Nuplane.Activities/Elsa.Samples.Nuplane.Activities.csproj" />
  </Folder>
  <Folder Name="/solution/">
    <File Path="Directory.Packages.props" />
    <File Path="NuGet.config" />
  </Folder>
  <Folder Name="/src/" />
  <Folder Name="/src/apps/">
    <Project Path="src/apps/Elsa.Server/Elsa.Server.csproj" />
  </Folder>
  <Folder Name="/src/elsa/" />
  <Folder Name="/src/elsa/Activities/">
    <Project Path="src/Elsa/Activities/Flowchart/Elsa.Activities.Flowchart.csproj" />
    <Project Path="src/Elsa/Activities/Primitives/Elsa.Activities.Primitives.csproj" />
    <Project Path="src/Elsa/Activities/Sequence/Elsa.Activities.Sequence.csproj" />
  </Folder>
  <Folder Name="/src/elsa/Activities/Composition/">
    <Project Path="src/Elsa/Activities/Composition/Runtime/Elsa.Activities.Composition.Runtime.csproj" />
  </Folder>
  <Folder Name="/src/elsa/Activities/Design/">
    <Project Path="src/Elsa/Activities/Design/Api/Elsa.Activities.Design.Api.csproj" />
    <Project Path="src/Elsa/Activities/Design/Core/Elsa.Activities.Design.Core.csproj" />
  </Folder>
  <Folder Name="/src/elsa/Activities/Design/Persistence/">
    <Project Path="src/Elsa/Activities/Design/Persistence/Core/Elsa.Activities.Design.Persistence.Core.csproj" />
  </Folder>
  <Folder Name="/src/elsa/Activities/Design/Persistence/EFCore/">
    <Project Path="src/Elsa/Activities/Design/Persistence/EFCore/Elsa.Activities.Design.Persistence.EFCore.csproj" />
    <Project Path="src/Elsa/Activities/Design/Persistence/EFCore/Sqlite/Elsa.Activities.Design.Persistence.EFCore.Sqlite.csproj" />
  </Folder>
  <Folder Name="/src/elsa/Activities/Design/Reconciliation/">
    <Project Path="src/Elsa/Activities/Design/Reconciliation/Clr/Elsa.Activities.Design.Reconciliation.Clr.csproj" />
    <Project Path="src/Elsa/Activities/Design/Reconciliation/Core/Elsa.Activities.Design.Reconciliation.Core.csproj" />
    <Project Path="src/Elsa/Activities/Design/Reconciliation/Elsa.Activities.Design.Reconciliation.csproj" />
    <Project Path="src/Elsa/Activities/Design/Reconciliation/Json/Elsa.Activities.Design.Reconciliation.Json.csproj" />
  </Folder>
  <Folder Name="/src/elsa/Activities/Runtime/">
    <Project Path="src/Elsa/Activities/Runtime/Core/Elsa.Activities.Runtime.Core.csproj" />
    <Project Path="src/Elsa/Activities/Runtime/Elsa.Activities.Runtime.csproj" />
  </Folder>
  <Folder Name="/src/elsa/Api/">
    <Project Path="src/Elsa/Api/FastEndpoints/Elsa.Api.FastEndpoints.csproj" />
  </Folder>
  <Folder Name="/src/elsa/Caching/">
    <Project Path="src/Elsa/Caching/Core/Elsa.Caching.Core.csproj" />
    <Project Path="src/Elsa/Caching/Memory/Elsa.Caching.Memory.csproj" />
  </Folder>
  <Folder Name="/src/elsa/Events/">
    <Project Path="src/Elsa/Events/Core/Elsa.Events.Core.csproj" />
    <Project Path="src/Elsa/Events/Elsa.Events.csproj" />
    <Project Path="src/Elsa/Events/Strategies/Elsa.Events.Strategies.csproj" />
  </Folder>
  <Folder Name="/src/elsa/Expressions/">
    <Project Path="src/Elsa/Expressions/Core/Elsa.Expressions.Core.csproj" />
    <Project Path="src/Elsa/Expressions/Elsa.Expressions.csproj" />
    <Project Path="src/Elsa/Expressions/Liquid/Elsa.Expressions.Liquid.csproj" />
  </Folder>
  <Folder Name="/src/elsa/Expressions/JavaScript/">
    <Project Path="src/Elsa/Expressions/JavaScript/Core/Elsa.Expressions.JavaScript.Core.csproj" />
    <Project Path="src/Elsa/Expressions/JavaScript/Elsa.Expressions.JavaScript.csproj" />
    <Project Path="src/Elsa/Expressions/JavaScript/Jint/Elsa.Expressions.JavaScript.Jint.csproj" />
    <Project Path="src/Elsa/Expressions/JavaScript/Libraries/Elsa.Expressions.JavaScript.Libraries.csproj" />
    <Project Path="src/Elsa/Expressions/JavaScript/Primitives/Elsa.Expressions.JavaScript.Primitives.csproj" />
  </Folder>
  <Folder Name="/src/elsa/Expressions/JavaScript/Rendering/">
    <Project Path="src/Elsa/Expressions/JavaScript/Rendering/Core/Elsa.Expressions.JavaScript.Rendering.Core.csproj" />
    <Project Path="src/Elsa/Expressions/JavaScript/Rendering/Elsa.Expressions.JavaScript.Rendering.csproj" />
  </Folder>
  <Folder Name="/src/elsa/Http/">
    <Project Path="src/Elsa/Http/Core/Elsa.Http.Core.csproj" />
    <Project Path="src/Elsa/Http/Elsa.Http.csproj" />
    <Project Path="src/Elsa/Http/JavaScript/Elsa.Http.JavaScript.csproj" />
  </Folder>
  <Folder Name="/src/elsa/Locking/">
    <Project Path="src/Elsa/Locking/Core/Elsa.Locking.Core.csproj" />
    <Project Path="src/Elsa/Locking/FileSystem/Elsa.Locking.FileSystem.csproj" />
  </Folder>
  <Folder Name="/src/elsa/Mediator/">
    <Project Path="src/Elsa/Mediator/Core/Elsa.Mediator.Core.csproj" />
    <Project Path="src/Elsa/Mediator/Elsa.Mediator.csproj" />
  </Folder>
  <Folder Name="/src/elsa/Persistence/">
    <Project Path="src/Elsa/Persistence/Core/Elsa.Persistence.Core.csproj" />
  </Folder>
  <Folder Name="/src/elsa/Persistence/EFCore/">
    <Project Path="src/Elsa/Persistence/EFCore/Elsa.Persistence.EFCore.csproj" />
    <Project Path="src/Elsa/Persistence/EFCore/Sqlite/Elsa.Persistence.EFCore.Sqlite.csproj" />
  </Folder>
  <Folder Name="/src/elsa/Pipelines/">
    <Project Path="src/Elsa/Pipelines/Core/Elsa.Pipelines.Core.csproj" />
  </Folder>
  <Folder Name="/src/elsa/Primitives/" />
  <Folder Name="/src/elsa/Primitives/Hosting/">
    <Project Path="src/Elsa/Primitives/Hosting/Elsa.Primitives.Hosting.csproj" />
  </Folder>
  <Folder Name="/src/elsa/Primitives/Primitives/">
    <Project Path="src/Elsa/Primitives/Primitives/Elsa.Primitives.csproj" />
  </Folder>
  <Folder Name="/src/elsa/Serialization/">
    <Project Path="src/Elsa/Serialization/Core/Elsa.Serialization.Core.csproj" />
    <Project Path="src/Elsa/Serialization/Newtonsoft/Elsa.Serialization.Newtonsoft.csproj" />
    <Project Path="src/Elsa/Serialization/SystemText/Elsa.Serialization.SystemText.csproj" />
  </Folder>
  <Folder Name="/src/elsa/Tasks/">
    <Project Path="src/Elsa/Tasks/Core/Elsa.Tasks.Core.csproj" />
    <Project Path="src/Elsa/Tasks/Elsa.Tasks.csproj" />
    <Project Path="src/Elsa/Tasks/Schedules/Elsa.Tasks.Schedules.csproj" />
  </Folder>
  <Folder Name="/src/elsa/Workflows/">
    <Project Path="src/Elsa/Workflows/Primitives/Elsa.Workflows.Primitives.csproj" />
  </Folder>
  <Folder Name="/src/elsa/Workflows/Design/">
    <Project Path="src/Elsa/Workflows/Design/Api/Elsa.Workflows.Design.Api.csproj" />
    <Project Path="src/Elsa/Workflows/Design/Core/Elsa.Workflows.Design.Core.csproj" />
    <Project Path="src/Elsa/Workflows/Design/JavaScript/Elsa.Workflows.Design.JavaScript.csproj" />
  </Folder>
  <Folder Name="/src/elsa/Workflows/Design/Persistence/">
    <Project Path="src/Elsa/Workflows/Design/Persistence/Core/Elsa.Workflows.Design.Persistence.Core.csproj" />
  </Folder>
  <Folder Name="/src/elsa/Workflows/Design/Persistence/EFCore/">
    <Project Path="src/Elsa/Workflows/Design/Persistence/EFCore/Elsa.Workflows.Design.Persistence.EFCore.csproj" />
    <Project Path="src/Elsa/Workflows/Design/Persistence/EFCore/Sqlite/Elsa.Workflows.Design.Persistence.EFCore.Sqlite.csproj" />
  </Folder>
  <Folder Name="/src/elsa/Workflows/Design/Reconciliation/">
    <Project Path="src/Elsa/Workflows/Design/Reconciliation/Core/Elsa.Workflows.Design.Reconciliation.Core.csproj" />
    <Project Path="src/Elsa/Workflows/Design/Reconciliation/Elsa.Workflows.Design.Reconciliation.csproj" />
  </Folder>
  <Folder Name="/src/elsa/Workflows/Design/Validations/">
    <Project Path="src/Elsa/Workflows/Design/Validations/Core/Elsa.Workflows.Design.Validations.Core.csproj" />
    <Project Path="src/Elsa/Workflows/Design/Validations/Elsa.Workflows.Design.Validations.csproj" />
  </Folder>
  <Folder Name="/src/elsa/Workflows/Publishing/">
    <Project Path="src/Elsa/Workflows/Publishing/Api/Elsa.Workflows.Publishing.Api.csproj" />
  </Folder>
  <Folder Name="/src/elsa/Workflows/Runtime/">
    <Project Path="src/Elsa/Workflows/Runtime/Api/Elsa.Workflows.Runtime.Api.csproj" />
    <Project Path="src/Elsa/Workflows/Runtime/Core/Elsa.Workflows.Runtime.Core.csproj" />
    <Project Path="src/Elsa/Workflows/Runtime/Http/Elsa.Workflows.Runtime.Http.csproj" />
    <Project Path="src/Elsa/Workflows/Runtime/JavaScript/Elsa.Workflows.Runtime.JavaScript.csproj" />
  </Folder>
  <Folder Name="/src/elsa3/">
    <Project Path="src/Elsa3/Mapping/Elsa3.Mapping.csproj" />
    <Project Path="src/Elsa3/Models/Elsa3.Models.csproj" />
  </Folder>
  <Folder Name="/src/elsa3/Activities/" />
  <Folder Name="/src/elsa3/Activities/Design/">
    <Project Path="src/Elsa3/Activities/Design/Import/Elsa3.Activities.Design.Import.csproj" />
  </Folder>
  <Folder Name="/tests/" />
  <Folder Name="/tests/Elsa/" />
  <Folder Name="/tests/Elsa/Activities/" />
  <Folder Name="/tests/Elsa/Activities/Composition/">
    <Project Path="tests/Elsa/Activities/Composition/Tests/Elsa.Activities.Composition.Tests.csproj" />
  </Folder>
  <Folder Name="/tests/Elsa/Activities/Flowchart/">
    <Project Path="tests/Elsa/Activities/Flowchart/Tests/Elsa.Activities.Flowchart.Tests.csproj" />
  </Folder>
  <Folder Name="/tests/Elsa/Activities/Sequence/">
    <Project Path="tests/Elsa/Activities/Sequence/Tests/Elsa.Activities.Sequence.Tests.csproj" />
  </Folder>
  <Folder Name="/tests/Elsa/Activities/Design/" />
  <Folder Name="/tests/Elsa/Activities/Design/Tests/">
    <Project Path="tests/Elsa/Activities/Design/Tests/ClrFixture/Elsa.Activities.Design.Tests.ClrFixture.csproj" />
    <Project Path="tests/Elsa/Activities/Design/Tests/Elsa.Activities.Design.Tests.csproj" />
  </Folder>
  <Folder Name="/tests/Elsa/Activities/Runtime/">
    <Project Path="tests/Elsa/Activities/Runtime/Tests/Elsa.Activities.Runtime.Tests.csproj" />
  </Folder>
  <Folder Name="/tests/Elsa/Architecture/">
    <Project Path="tests/Elsa/Architecture/Elsa.Architecture.Tests.csproj" />
  </Folder>
  <Folder Name="/tests/Elsa/Persistence/" />
  <Folder Name="/tests/Elsa/Samples/" />
  <Folder Name="/tests/Elsa/Samples/Nuplane/" />
  <Folder Name="/tests/Elsa/Samples/Nuplane/Activities/">
    <Project Path="tests/Elsa/Samples/Nuplane/Activities/Tests/Elsa.Samples.Nuplane.Activities.Tests.csproj" />
  </Folder>
  <Folder Name="/tests/Elsa/Workflows/" />
  <Folder Name="/tests/Elsa/Workflows/Design/">
    <Project Path="tests/Elsa/Workflows/Design/Tests/Elsa.Workflows.Design.Tests.csproj" />
  </Folder>
  <Folder Name="/tests/Elsa/Workflows/Publishing/" />
  <Folder Name="/tests/Elsa/Workflows/Publishing/Api/">
    <Project Path="tests/Elsa/Workflows/Publishing/Api/Tests/Elsa.Workflows.Publishing.Api.Tests.csproj" />
  </Folder>
  <Folder Name="/tests/Elsa/Workflows/Runtime/">
    <Project Path="tests/Elsa/Workflows/Runtime/Tests/Elsa.Workflows.Runtime.Tests.csproj" />
  </Folder>
</Solution>
