{
  "version": 2,
  "dependencies": {
    "net10.0": {
      "Elsa.Specifications.PackageManifest.Generator": {
        "type": "Direct",
        "requested": "[0.0.1-preview.8, )",
        "resolved": "0.0.1-preview.8",
        "contentHash": "2oIY7sSleqZv2y1wfBPZxa4GcaR3+PVsxuo3Pd2bXMRpsUAWzAMYf83eAKrzp3FIX6OE5e89lawTaiALKT8/hQ=="
      },
      "Microsoft.EntityFrameworkCore": {
        "type": "Direct",
        "requested": "[10.0.10, )",
        "resolved": "10.0.10",
        "contentHash": "a0V7zj/VbYP6dTdWpUgE/r2PuLKtUGe2aJ0lVKkn/wP9ZhaxUz2kQydVfvOjCv2SKxlrqdBfHhPD4Cvlf+4ffA==",
        "dependencies": {
          "Microsoft.EntityFrameworkCore.Abstractions": "10.0.10",
          "Microsoft.EntityFrameworkCore.Analyzers": "10.0.10"
        }
      },
      "Microsoft.EntityFrameworkCore.Relational": {
        "type": "Direct",
        "requested": "[10.0.10, )",
        "resolved": "10.0.10",
        "contentHash": "wNonj40aZxia+GtuBiiD6ZqVh4h6y5Nje1bGdmzZ8/ui0QRsAN+S0SIrLHFCEGbG9cDbeaE40sh+Lr7o9rRs6g==",
        "dependencies": {
          "Microsoft.EntityFrameworkCore": "10.0.10"
        }
      },
      "JetBrains.Annotations": {
        "type": "Transitive",
        "resolved": "2025.2.4",
        "contentHash": "TwbgxAkXxY+vNEhNVx/QXjJ4vqxmepOjsgRvvImQPbHkHMMb4W+ahL3laMsxXKtNT7iMy+E1B3xkqao2hf1n3A=="
      },
      "Microsoft.EntityFrameworkCore.Abstractions": {
        "type": "Transitive",
        "resolved": "10.0.10",
        "contentHash": "bOzrFCl6uZCjaSh2bG1ToRQRdx+iXvxosCg9hFyG9OWeAzOFI4xev9OqKeWfKf/kAHyox2JnbcvLVf2ceA7sqA=="
      },
      "Microsoft.EntityFrameworkCore.Analyzers": {
        "type": "Transitive",
        "resolved": "10.0.10",
        "contentHash": "2gLDordUCGf3aNOOuqtTbP5mxhiP9nk6TnvGiE3RnqT891O+Zf/qKu1PIREubs1M16A0SImr4vULBfU5BTDs1Q=="
      },
      "Microsoft.Extensions.DependencyModel": {
        "type": "Transitive",
        "resolved": "10.0.1",
        "contentHash": "IiWPd4j8JLNjSkyXl5hvJwX2ZENDVQVPDHYgZmYdw8+YkY2xp9iQt0vjdnAQZLpo/ipeW1xgOqfSBEnivKWPYQ=="
      },
      "Nuplane.Abstractions": {
        "type": "Transitive",
        "resolved": "0.0.11-preview.94",
        "contentHash": "YtytvT0fC6hyfz1GonNjNdw13jN1Ps3Zl0A+OK8/cZxuL/dUGQbVnWlV82vJkQo6TTmegXRXZx1gOvfGkpXm0g=="
      },
      "elsa.cluster.core": {
        "type": "Project",
        "dependencies": {
          "Elsa.Primitives": "[4.0.0-dev, )"
        }
      },
      "elsa.cluster.inprocess": {
        "type": "Project",
        "dependencies": {
          "Elsa.Cluster.Core": "[4.0.0-dev, )"
        }
      },
      "elsa.cluster.readability": {
        "type": "Project",
        "dependencies": {
          "CShells.Abstractions": "[0.0.30-preview.159, )",
          "Elsa.Cluster.Core": "[4.0.0-dev, )",
          "Elsa.Cluster.InProcess": "[4.0.0-dev, )",
          "Elsa.Persistence.Schema": "[4.0.0-dev, )",
          "Nuplane.Loading.Abstractions": "[0.0.11-preview.94, )"
        }
      },
      "elsa.persistence.entityframework": {
        "type": "Project",
        "dependencies": {
          "CShells": "[0.0.30-preview.159, )",
          "CShells.Abstractions": "[0.0.30-preview.159, )",
          "Elsa.Persistence.Schema": "[4.0.0-dev, )",
          "Elsa.Primitives": "[4.0.0-dev, )",
          "Microsoft.EntityFrameworkCore": "[10.0.10, )",
          "Microsoft.EntityFrameworkCore.Relational": "[10.0.10, )"
        }
      },
      "elsa.persistence.schema": {
        "type": "Project"
      },
      "elsa.primitives": {
        "type": "Project"
      },
      "CShells": {
        "type": "CentralTransitive",
        "requested": "[0.0.30-preview.159, )",
        "resolved": "0.0.30-preview.159",
        "contentHash": "x6qrRjUbjj9FbgeeqgUWrDoSxbW48zna/cvXhZYJGsKBmnS0cErPY/+QiFSmuAzXrcwuf9nDBod5DK7BbpIReA==",
        "dependencies": {
          "CShells.Abstractions": "0.0.30-preview.159",
          "JetBrains.Annotations": "2025.2.4",
          "Microsoft.Extensions.DependencyModel": "10.0.1"
        }
      },
      "CShells.Abstractions": {
        "type": "CentralTransitive",
        "requested": "[0.0.30-preview.159, )",
        "resolved": "0.0.30-preview.159",
        "contentHash": "es495Gvvqx1t0DJomzsfoxlIE/k8ZMEj3OaL/uKvdUd5cXpfQowko63T03LlRhTBS7Nhm6xoPoQW1cZAx6e8uQ==",
        "dependencies": {
          "JetBrains.Annotations": "2025.2.4"
        }
      },
      "Nuplane.Loading.Abstractions": {
        "type": "CentralTransitive",
        "requested": "[0.0.11-preview.94, )",
        "resolved": "0.0.11-preview.94",
        "contentHash": "vjTnc+rW+guSOUq1CXpmxp3KKBLxOpazOVHV0nHOji7w5lS7+GLRzYvEyPs/LARwxo9weJO3ie8gF5/F10UIgg==",
        "dependencies": {
          "Nuplane.Abstractions": "0.0.11-preview.94"
        }
      }
    }
  }
}