{
  "version": 2,
  "dependencies": {
    "net10.0": {
      "CShells.Abstractions": {
        "type": "Direct",
        "requested": "[0.0.30-preview.173, )",
        "resolved": "0.0.30-preview.173",
        "contentHash": "sAgLwTkE/y4+1rtqRaBvL8KV/m3Y7oV3EEKsGVkXbIlKpdWWDVAQilCBy/iRU8nhANz7k8lvquULc1AJRSo8hA==",
        "dependencies": {
          "JetBrains.Annotations": "2025.2.4"
        }
      },
      "Elsa.Specifications.PackageManifest.Generator": {
        "type": "Direct",
        "requested": "[0.0.1-preview.8, )",
        "resolved": "0.0.1-preview.8",
        "contentHash": "2oIY7sSleqZv2y1wfBPZxa4GcaR3+PVsxuo3Pd2bXMRpsUAWzAMYf83eAKrzp3FIX6OE5e89lawTaiALKT8/hQ=="
      },
      "Microsoft.Extensions.Http": {
        "type": "Direct",
        "requested": "[10.0.10, )",
        "resolved": "10.0.10",
        "contentHash": "DuEBLw2y7ZBfilnaJtlge8f2M49932v43t7j1InceXVjcZzxNrSEkobYXdgZkXuPFnFbKcbWpAS+fZgYEW1BhA=="
      },
      "Microsoft.Extensions.Logging.Abstractions": {
        "type": "Direct",
        "requested": "[10.0.10, )",
        "resolved": "10.0.10",
        "contentHash": "zkFxGYUvdxAvIKTyXHrmW+Sux53D4SezD9dMyZ6hrwwzPQJNuwCRy1f5W7AvYTqacEGhWF2XderRQG1OvbV8og=="
      },
      "Microsoft.Extensions.Options": {
        "type": "Direct",
        "requested": "[10.0.10, )",
        "resolved": "10.0.10",
        "contentHash": "srnhnk7nE8krBiIXp71LvBmKBtraBONWSRzdjJgRv1Ko9Mp8IVNqv4vIS9hGeVteBig8aQkva9ZG+sC+o5sVcA=="
      },
      "JetBrains.Annotations": {
        "type": "Transitive",
        "resolved": "2025.2.4",
        "contentHash": "TwbgxAkXxY+vNEhNVx/QXjJ4vqxmepOjsgRvvImQPbHkHMMb4W+ahL3laMsxXKtNT7iMy+E1B3xkqao2hf1n3A=="
      },
      "elsa.api.aspnetcore": {
        "type": "Project",
        "dependencies": {
          "Elsa.Primitives": "[4.0.0-dev, )",
          "NativeEndpoints": "[1.0.0-preview.6, )"
        }
      },
      "elsa.caching.core": {
        "type": "Project"
      },
      "elsa.events.core": {
        "type": "Project",
        "dependencies": {
          "Elsa.Pipelines.Core": "[4.0.0-dev, )"
        }
      },
      "elsa.http.core": {
        "type": "Project"
      },
      "elsa.pipelines.core": {
        "type": "Project"
      },
      "elsa.primitives": {
        "type": "Project"
      },
      "elsa.serialization.core": {
        "type": "Project",
        "dependencies": {
          "Elsa.Events.Core": "[4.0.0-dev, )",
          "Elsa.Primitives": "[4.0.0-dev, )"
        }
      },
      "NativeEndpoints": {
        "type": "CentralTransitive",
        "requested": "[1.0.0-preview.6, )",
        "resolved": "1.0.0-preview.6",
        "contentHash": "3TeUmdG8kjVZYj2NJeYc53kmP0M9Qj6sTBfhJjQMqrLGXgIBGdme9ivE7vlshRAqM79mRLmjICQJPAIBcdEQQw=="
      }
    }
  }
}