{
  "version": 2,
  "dependencies": {
    "net10.0": {
      "CShells.FastEndpoints": {
        "type": "Direct",
        "requested": "[0.0.30-preview.173, )",
        "resolved": "0.0.30-preview.173",
        "contentHash": "R7FuRO4D6xw0hESEv5P1WWBAgZMT10ETsI16qNenSxzY7SmSzfifNm0qpSBw2YUEjQfgPdM70qoFauEVogOWCw==",
        "dependencies": {
          "CShells.AspNetCore": "0.0.30-preview.173",
          "CShells.FastEndpoints.Abstractions": "0.0.30-preview.173",
          "FastEndpoints": "7.2.0",
          "JetBrains.Annotations": "2025.2.4"
        }
      },
      "Microsoft.AspNetCore.TestHost": {
        "type": "Direct",
        "requested": "[10.0.10, )",
        "resolved": "10.0.10",
        "contentHash": "Kks+OpQlP/eWQhnTjkiv0H9kc9Uqa7ieAzNV62yJpZ8Ips/WwpfpwrwZUKzV83CBJaBl5OI7J2XxVVTC8vah/Q=="
      },
      "Microsoft.CodeAnalysis.CSharp": {
        "type": "Direct",
        "requested": "[5.0.0, )",
        "resolved": "5.0.0",
        "contentHash": "5DSyJ9bk+ATuDy7fp2Zt0mJStDVKbBoiz1DyfAwSa+k4H4IwykAUcV3URelw5b8/iVbfSaOwkwmPUZH6opZKCw==",
        "dependencies": {
          "Microsoft.CodeAnalysis.Analyzers": "3.11.0",
          "Microsoft.CodeAnalysis.Common": "[5.0.0]"
        }
      },
      "FastEndpoints": {
        "type": "Transitive",
        "resolved": "7.2.0",
        "contentHash": "igYC/SHrNwv8Ek+o0rjGALIONCIuQP7a6CMLSHGKRzFpjwdbI4JvsLlAfkb720bIF3B/dH1zRcEZejHeyDL2Rg==",
        "dependencies": {
          "FastEndpoints.Attributes": "7.2.0",
          "FastEndpoints.JobQueues": "7.2.0",
          "FastEndpoints.Messaging": "7.2.0",
          "FluentValidation": "12.1.1"
        }
      },
      "FastEndpoints.Attributes": {
        "type": "Transitive",
        "resolved": "7.2.0",
        "contentHash": "gn6/JW0QaSANrcUXDfexW8y3bDT/dYWk0sxvvgJWoRTR1WIyipkLE9AIWdBeVsVbVQP9gZWKgVzRMMm86Zq9HA=="
      },
      "FastEndpoints.Core": {
        "type": "Transitive",
        "resolved": "7.2.0",
        "contentHash": "nvclrOvmtyhR2WggtuuqI5aj4ICaMOOBx/buPlUqJ1S8OV5hgHr5SEEKfA9eRihiFJ3LGMcyxTd2+YWtFaeZAA=="
      },
      "FastEndpoints.JobQueues": {
        "type": "Transitive",
        "resolved": "7.2.0",
        "contentHash": "IC6EA/pBMRoXl5EQZrzZfXk6gyzxE6tBipQ8r+kkRuIXQX6LScvlL34gNs0kjXHO1+BS85/gwatDpvD6T5uNDw==",
        "dependencies": {
          "FastEndpoints.Messaging": "7.2.0"
        }
      },
      "FastEndpoints.Messaging": {
        "type": "Transitive",
        "resolved": "7.2.0",
        "contentHash": "29i3GfBpQ2VJA9XRb+k2IRIWRaxsxeDrVBgL78Gq8t3BMjq/QNBdN2P83uJfV0kJGfV813SviDbPo3gk+OW8MQ==",
        "dependencies": {
          "FastEndpoints.Core": "7.2.0",
          "FastEndpoints.Messaging.Core": "7.2.0"
        }
      },
      "FastEndpoints.Messaging.Core": {
        "type": "Transitive",
        "resolved": "7.2.0",
        "contentHash": "uRbFy6dmVie3wwlOjgrrE6lu5+U1SXmo8kwsr3Xzv/WnHrDw4vXFiqb8FmuS9q9jMGDn2UoYii5H0jC9g1RWDg=="
      },
      "FluentValidation": {
        "type": "Transitive",
        "resolved": "12.1.1",
        "contentHash": "EPpkIe1yh1a0OXyC100oOA8WMbZvqUu5plwhvYcb7oSELfyUZzfxV48BLhvs3kKo4NwG7MGLNgy1RJiYtT8Dpw=="
      },
      "JetBrains.Annotations": {
        "type": "Transitive",
        "resolved": "2025.2.4",
        "contentHash": "TwbgxAkXxY+vNEhNVx/QXjJ4vqxmepOjsgRvvImQPbHkHMMb4W+ahL3laMsxXKtNT7iMy+E1B3xkqao2hf1n3A=="
      },
      "Microsoft.CodeAnalysis.Analyzers": {
        "type": "Transitive",
        "resolved": "3.11.0",
        "contentHash": "v/EW3UE8/lbEYHoC2Qq7AR/DnmvpgdtAMndfQNmpuIMx/Mto8L5JnuCfdBYtgvalQOtfNCnxFejxuRrryvUTsg=="
      },
      "Microsoft.CodeAnalysis.Common": {
        "type": "Transitive",
        "resolved": "5.0.0",
        "contentHash": "ZXRAdvH6GiDeHRyd3q/km8Z44RoM6FBWHd+gen/la81mVnAdHTEsEkO5J0TCNXBymAcx5UYKt5TvgKBhaLJEow==",
        "dependencies": {
          "Microsoft.CodeAnalysis.Analyzers": "3.11.0"
        }
      },
      "Microsoft.Extensions.DependencyModel": {
        "type": "Transitive",
        "resolved": "10.0.1",
        "contentHash": "IiWPd4j8JLNjSkyXl5hvJwX2ZENDVQVPDHYgZmYdw8+YkY2xp9iQt0vjdnAQZLpo/ipeW1xgOqfSBEnivKWPYQ=="
      },
      "elsa.api.aspnetcore": {
        "type": "Project",
        "dependencies": {
          "Elsa.Primitives": "[4.0.0-dev, )",
          "NativeEndpoints": "[1.0.0-preview.6, )"
        }
      },
      "elsa.foundation.identity": {
        "type": "Project",
        "dependencies": {
          "CShells.Abstractions": "[0.0.30-preview.173, )",
          "CShells.AspNetCore.Abstractions": "[0.0.30-preview.173, )",
          "Elsa.Api.AspNetCore": "[4.0.0-dev, )",
          "Elsa.Foundation.Identity.Core": "[4.0.0-dev, )"
        }
      },
      "elsa.foundation.identity.core": {
        "type": "Project"
      },
      "elsa.primitives": {
        "type": "Project"
      },
      "CShells": {
        "type": "CentralTransitive",
        "requested": "[0.0.30-preview.173, )",
        "resolved": "0.0.30-preview.173",
        "contentHash": "Hf1ruHh3zk4NGnhWR2wazizQ0LbVFDAAgOTDNr5+8DHCK/7cxpc9ShFFq60iB8mFqQjJYKpBo7+O5D10XPEi3A==",
        "dependencies": {
          "CShells.Abstractions": "0.0.30-preview.173",
          "JetBrains.Annotations": "2025.2.4",
          "Microsoft.Extensions.DependencyModel": "10.0.1"
        }
      },
      "CShells.Abstractions": {
        "type": "CentralTransitive",
        "requested": "[0.0.30-preview.173, )",
        "resolved": "0.0.30-preview.173",
        "contentHash": "sAgLwTkE/y4+1rtqRaBvL8KV/m3Y7oV3EEKsGVkXbIlKpdWWDVAQilCBy/iRU8nhANz7k8lvquULc1AJRSo8hA==",
        "dependencies": {
          "JetBrains.Annotations": "2025.2.4"
        }
      },
      "CShells.AspNetCore": {
        "type": "CentralTransitive",
        "requested": "[0.0.30-preview.173, )",
        "resolved": "0.0.30-preview.173",
        "contentHash": "gGJ/C8u7XS+d2GlMCcOX/0Wf+j/CFVIpejVpVb0Ii6hf4vIYbgpS4nGSOkAr8jD0L1vqCo2Ejb/w9oWwnF98Aw==",
        "dependencies": {
          "CShells": "0.0.30-preview.173",
          "CShells.AspNetCore.Abstractions": "0.0.30-preview.173",
          "JetBrains.Annotations": "2025.2.4"
        }
      },
      "CShells.AspNetCore.Abstractions": {
        "type": "CentralTransitive",
        "requested": "[0.0.30-preview.173, )",
        "resolved": "0.0.30-preview.173",
        "contentHash": "iOBPODfx/C7PYlUWahRFV7s7/GJWpFXMKKI6esHGsKhbB02jcAo0mPJAbDwXbw0acz7oa4k2pSCSWM7wLPcyUg==",
        "dependencies": {
          "CShells.Abstractions": "0.0.30-preview.173",
          "JetBrains.Annotations": "2025.2.4"
        }
      },
      "CShells.FastEndpoints.Abstractions": {
        "type": "CentralTransitive",
        "requested": "[0.0.30-preview.173, )",
        "resolved": "0.0.30-preview.173",
        "contentHash": "XDKynlKQca3IiI6ADMaHKxyP5MkIX2C/rbCmSo7LhW4NlUTmnMOqboKsoU9OZG9o4aldD4qP1HFASy/YWO8+Tg==",
        "dependencies": {
          "CShells.Abstractions": "0.0.30-preview.173",
          "FastEndpoints": "7.2.0",
          "JetBrains.Annotations": "2025.2.4"
        }
      },
      "NativeEndpoints": {
        "type": "CentralTransitive",
        "requested": "[1.0.0-preview.6, )",
        "resolved": "1.0.0-preview.6",
        "contentHash": "3TeUmdG8kjVZYj2NJeYc53kmP0M9Qj6sTBfhJjQMqrLGXgIBGdme9ivE7vlshRAqM79mRLmjICQJPAIBcdEQQw=="
      }
    }
  }
}