{
  "version": 2,
  "dependencies": {
    "net10.0": {
      "CShells.Abstractions": {
        "type": "Direct",
        "requested": "[0.0.30-preview.171, )",
        "resolved": "0.0.30-preview.171",
        "contentHash": "2p6zgaxVhIuHEDoklz3t9PbReDmMgAUIHbw5zVZSV4uMR9kl7q+gftXX1K0woMWt55uvTnqJ+K1q6KVSoPRuVA==",
        "dependencies": {
          "JetBrains.Annotations": "2025.2.4"
        }
      },
      "CShells.AspNetCore.Abstractions": {
        "type": "Direct",
        "requested": "[0.0.30-preview.171, )",
        "resolved": "0.0.30-preview.171",
        "contentHash": "GQiGdy2GONJ1DQ1lQSJeu1N+XCC2wD0po60QSzKalis8aAbCQe6yBvjzC3rdfFJn/qHYuyG9Y4PbYsTUH5FkJg==",
        "dependencies": {
          "CShells.Abstractions": "0.0.30-preview.171",
          "JetBrains.Annotations": "2025.2.4"
        }
      },
      "Elsa.Specifications.PackageManifest.Generator": {
        "type": "Direct",
        "requested": "[0.0.1-preview.8, )",
        "resolved": "0.0.1-preview.8",
        "contentHash": "2oIY7sSleqZv2y1wfBPZxa4GcaR3+PVsxuo3Pd2bXMRpsUAWzAMYf83eAKrzp3FIX6OE5e89lawTaiALKT8/hQ=="
      },
      "Microsoft.Extensions.Http": {
        "type": "Direct",
        "requested": "[10.0.10, )",
        "resolved": "10.0.10",
        "contentHash": "DuEBLw2y7ZBfilnaJtlge8f2M49932v43t7j1InceXVjcZzxNrSEkobYXdgZkXuPFnFbKcbWpAS+fZgYEW1BhA=="
      },
      "Microsoft.Extensions.Options": {
        "type": "Direct",
        "requested": "[10.0.10, )",
        "resolved": "10.0.10",
        "contentHash": "srnhnk7nE8krBiIXp71LvBmKBtraBONWSRzdjJgRv1Ko9Mp8IVNqv4vIS9hGeVteBig8aQkva9ZG+sC+o5sVcA=="
      },
      "JetBrains.Annotations": {
        "type": "Transitive",
        "resolved": "2025.2.4",
        "contentHash": "TwbgxAkXxY+vNEhNVx/QXjJ4vqxmepOjsgRvvImQPbHkHMMb4W+ahL3laMsxXKtNT7iMy+E1B3xkqao2hf1n3A=="
      },
      "elsa.activities.runtime.core": {
        "type": "Project",
        "dependencies": {
          "Elsa.Events.Core": "[4.0.0-dev, )",
          "Elsa.Expressions.Core": "[4.0.0-dev, )",
          "Elsa.Primitives": "[4.0.0-dev, )"
        }
      },
      "elsa.events.core": {
        "type": "Project",
        "dependencies": {
          "Elsa.Pipelines.Core": "[4.0.0-dev, )"
        }
      },
      "elsa.expressions.core": {
        "type": "Project",
        "dependencies": {
          "Elsa.Primitives": "[4.0.0-dev, )"
        }
      },
      "elsa.http.core": {
        "type": "Project"
      },
      "elsa.pipelines.core": {
        "type": "Project"
      },
      "elsa.primitives": {
        "type": "Project"
      },
      "elsa.serialization.core": {
        "type": "Project",
        "dependencies": {
          "Elsa.Events.Core": "[4.0.0-dev, )",
          "Elsa.Primitives": "[4.0.0-dev, )"
        }
      },
      "elsa.workflows.runtime.core": {
        "type": "Project",
        "dependencies": {
          "Elsa.Activities.Runtime.Core": "[4.0.0-dev, )",
          "Elsa.Expressions.Core": "[4.0.0-dev, )",
          "Elsa.Primitives": "[4.0.0-dev, )",
          "Elsa.Serialization.Core": "[4.0.0-dev, )"
        }
      }
    }
  }
}