{
  "version": 2,
  "dependencies": {
    "net10.0": {
      "CShells.AspNetCore.Abstractions": {
        "type": "Direct",
        "requested": "[0.0.30-preview.173, )",
        "resolved": "0.0.30-preview.173",
        "contentHash": "iOBPODfx/C7PYlUWahRFV7s7/GJWpFXMKKI6esHGsKhbB02jcAo0mPJAbDwXbw0acz7oa4k2pSCSWM7wLPcyUg==",
        "dependencies": {
          "CShells.Abstractions": "0.0.30-preview.173",
          "JetBrains.Annotations": "2025.2.4"
        }
      },
      "Microsoft.EntityFrameworkCore": {
        "type": "Direct",
        "requested": "[10.0.10, )",
        "resolved": "10.0.10",
        "contentHash": "a0V7zj/VbYP6dTdWpUgE/r2PuLKtUGe2aJ0lVKkn/wP9ZhaxUz2kQydVfvOjCv2SKxlrqdBfHhPD4Cvlf+4ffA==",
        "dependencies": {
          "Microsoft.EntityFrameworkCore.Abstractions": "10.0.10",
          "Microsoft.EntityFrameworkCore.Analyzers": "10.0.10"
        }
      },
      "Microsoft.EntityFrameworkCore.Relational": {
        "type": "Direct",
        "requested": "[10.0.10, )",
        "resolved": "10.0.10",
        "contentHash": "wNonj40aZxia+GtuBiiD6ZqVh4h6y5Nje1bGdmzZ8/ui0QRsAN+S0SIrLHFCEGbG9cDbeaE40sh+Lr7o9rRs6g==",
        "dependencies": {
          "Microsoft.EntityFrameworkCore": "10.0.10"
        }
      },
      "JetBrains.Annotations": {
        "type": "Transitive",
        "resolved": "2025.2.4",
        "contentHash": "TwbgxAkXxY+vNEhNVx/QXjJ4vqxmepOjsgRvvImQPbHkHMMb4W+ahL3laMsxXKtNT7iMy+E1B3xkqao2hf1n3A=="
      },
      "Microsoft.EntityFrameworkCore.Abstractions": {
        "type": "Transitive",
        "resolved": "10.0.10",
        "contentHash": "bOzrFCl6uZCjaSh2bG1ToRQRdx+iXvxosCg9hFyG9OWeAzOFI4xev9OqKeWfKf/kAHyox2JnbcvLVf2ceA7sqA=="
      },
      "Microsoft.EntityFrameworkCore.Analyzers": {
        "type": "Transitive",
        "resolved": "10.0.10",
        "contentHash": "2gLDordUCGf3aNOOuqtTbP5mxhiP9nk6TnvGiE3RnqT891O+Zf/qKu1PIREubs1M16A0SImr4vULBfU5BTDs1Q=="
      },
      "Microsoft.Extensions.DependencyModel": {
        "type": "Transitive",
        "resolved": "10.0.1",
        "contentHash": "IiWPd4j8JLNjSkyXl5hvJwX2ZENDVQVPDHYgZmYdw8+YkY2xp9iQt0vjdnAQZLpo/ipeW1xgOqfSBEnivKWPYQ=="
      },
      "elsa.persistence.entityframework": {
        "type": "Project",
        "dependencies": {
          "CShells": "[0.0.30-preview.173, )",
          "CShells.Abstractions": "[0.0.30-preview.173, )",
          "Elsa.Persistence.Schema": "[4.0.0-dev, )",
          "Elsa.Primitives": "[4.0.0-dev, )",
          "Microsoft.EntityFrameworkCore": "[10.0.10, )",
          "Microsoft.EntityFrameworkCore.Relational": "[10.0.10, )"
        }
      },
      "elsa.persistence.schema": {
        "type": "Project"
      },
      "elsa.primitives": {
        "type": "Project"
      },
      "CShells": {
        "type": "CentralTransitive",
        "requested": "[0.0.30-preview.173, )",
        "resolved": "0.0.30-preview.173",
        "contentHash": "Hf1ruHh3zk4NGnhWR2wazizQ0LbVFDAAgOTDNr5+8DHCK/7cxpc9ShFFq60iB8mFqQjJYKpBo7+O5D10XPEi3A==",
        "dependencies": {
          "CShells.Abstractions": "0.0.30-preview.173",
          "JetBrains.Annotations": "2025.2.4",
          "Microsoft.Extensions.DependencyModel": "10.0.1"
        }
      },
      "CShells.Abstractions": {
        "type": "CentralTransitive",
        "requested": "[0.0.30-preview.173, )",
        "resolved": "0.0.30-preview.173",
        "contentHash": "sAgLwTkE/y4+1rtqRaBvL8KV/m3Y7oV3EEKsGVkXbIlKpdWWDVAQilCBy/iRU8nhANz7k8lvquULc1AJRSo8hA==",
        "dependencies": {
          "JetBrains.Annotations": "2025.2.4"
        }
      }
    }
  }
}