{
  "version": 2,
  "dependencies": {
    "net10.0": {
      "CShells.AspNetCore": {
        "type": "Direct",
        "requested": "[0.0.30-preview.171, )",
        "resolved": "0.0.30-preview.171",
        "contentHash": "Joq1Os4sH/SaizkBgVbAYgjRM0zlxO0bQqc2nqE2HMRnTvqTIAwwOobCtHEbWiRVlKLSsxoLpYqHp8UQ6puhOA==",
        "dependencies": {
          "CShells": "0.0.30-preview.171",
          "CShells.AspNetCore.Abstractions": "0.0.30-preview.171",
          "JetBrains.Annotations": "2025.2.4"
        }
      },
      "Npgsql.EntityFrameworkCore.PostgreSQL": {
        "type": "Direct",
        "requested": "[10.0.0, )",
        "resolved": "10.0.0",
        "contentHash": "E2+uSWxSB8LdsUVwPaqRWOcGOP92biry2JEwc0KJMdLJF+aZdczeIdEXVwEyv4nSVMQJH0o8tLhyAMiR6VF0lw==",
        "dependencies": {
          "Microsoft.EntityFrameworkCore": "[10.0.0, 11.0.0)",
          "Microsoft.EntityFrameworkCore.Relational": "[10.0.0, 11.0.0)",
          "Npgsql": "10.0.0"
        }
      },
      "JetBrains.Annotations": {
        "type": "Transitive",
        "resolved": "2025.2.4",
        "contentHash": "TwbgxAkXxY+vNEhNVx/QXjJ4vqxmepOjsgRvvImQPbHkHMMb4W+ahL3laMsxXKtNT7iMy+E1B3xkqao2hf1n3A=="
      },
      "Microsoft.EntityFrameworkCore.Abstractions": {
        "type": "Transitive",
        "resolved": "10.0.10",
        "contentHash": "bOzrFCl6uZCjaSh2bG1ToRQRdx+iXvxosCg9hFyG9OWeAzOFI4xev9OqKeWfKf/kAHyox2JnbcvLVf2ceA7sqA=="
      },
      "Microsoft.EntityFrameworkCore.Analyzers": {
        "type": "Transitive",
        "resolved": "10.0.10",
        "contentHash": "2gLDordUCGf3aNOOuqtTbP5mxhiP9nk6TnvGiE3RnqT891O+Zf/qKu1PIREubs1M16A0SImr4vULBfU5BTDs1Q=="
      },
      "Microsoft.Extensions.DependencyModel": {
        "type": "Transitive",
        "resolved": "10.0.1",
        "contentHash": "IiWPd4j8JLNjSkyXl5hvJwX2ZENDVQVPDHYgZmYdw8+YkY2xp9iQt0vjdnAQZLpo/ipeW1xgOqfSBEnivKWPYQ=="
      },
      "elsa.attention.core": {
        "type": "Project"
      },
      "elsa.events.core": {
        "type": "Project",
        "dependencies": {
          "Elsa.Pipelines.Core": "[4.0.0-dev, )"
        }
      },
      "elsa.expressions.core": {
        "type": "Project",
        "dependencies": {
          "Elsa.Primitives": "[4.0.0-dev, )"
        }
      },
      "elsa.persistence.entityframework": {
        "type": "Project",
        "dependencies": {
          "CShells": "[0.0.30-preview.171, )",
          "CShells.Abstractions": "[0.0.30-preview.171, )",
          "Elsa.Persistence.Schema": "[4.0.0-dev, )",
          "Elsa.Primitives": "[4.0.0-dev, )",
          "Microsoft.EntityFrameworkCore": "[10.0.10, )",
          "Microsoft.EntityFrameworkCore.Relational": "[10.0.10, )"
        }
      },
      "elsa.persistence.schema": {
        "type": "Project"
      },
      "elsa.pipelines.core": {
        "type": "Project"
      },
      "elsa.primitives": {
        "type": "Project"
      },
      "elsa.secrets": {
        "type": "Project",
        "dependencies": {
          "CShells.Abstractions": "[0.0.30-preview.171, )",
          "Elsa.Attention.Core": "[4.0.0-dev, )",
          "Elsa.Expressions.Core": "[4.0.0-dev, )",
          "Elsa.Secrets.Core": "[4.0.0-dev, )",
          "Elsa.Serialization.Core": "[4.0.0-dev, )"
        }
      },
      "elsa.secrets.core": {
        "type": "Project",
        "dependencies": {
          "Elsa.Primitives": "[4.0.0-dev, )"
        }
      },
      "elsa.serialization.core": {
        "type": "Project",
        "dependencies": {
          "Elsa.Events.Core": "[4.0.0-dev, )",
          "Elsa.Primitives": "[4.0.0-dev, )"
        }
      },
      "CShells": {
        "type": "CentralTransitive",
        "requested": "[0.0.30-preview.171, )",
        "resolved": "0.0.30-preview.171",
        "contentHash": "gY5D6v/eAfkWgYloYbGqWp1FMhxEH0CNDSDT1rWl+dOAHhPBR3zu7BDm7SzOdIVaG/KBek2pg53nKyqAUqUGLA==",
        "dependencies": {
          "CShells.Abstractions": "0.0.30-preview.171",
          "JetBrains.Annotations": "2025.2.4",
          "Microsoft.Extensions.DependencyModel": "10.0.1"
        }
      },
      "CShells.Abstractions": {
        "type": "CentralTransitive",
        "requested": "[0.0.30-preview.171, )",
        "resolved": "0.0.30-preview.171",
        "contentHash": "2p6zgaxVhIuHEDoklz3t9PbReDmMgAUIHbw5zVZSV4uMR9kl7q+gftXX1K0woMWt55uvTnqJ+K1q6KVSoPRuVA==",
        "dependencies": {
          "JetBrains.Annotations": "2025.2.4"
        }
      },
      "CShells.AspNetCore.Abstractions": {
        "type": "CentralTransitive",
        "requested": "[0.0.30-preview.171, )",
        "resolved": "0.0.30-preview.171",
        "contentHash": "GQiGdy2GONJ1DQ1lQSJeu1N+XCC2wD0po60QSzKalis8aAbCQe6yBvjzC3rdfFJn/qHYuyG9Y4PbYsTUH5FkJg==",
        "dependencies": {
          "CShells.Abstractions": "0.0.30-preview.171",
          "JetBrains.Annotations": "2025.2.4"
        }
      },
      "Microsoft.EntityFrameworkCore": {
        "type": "CentralTransitive",
        "requested": "[10.0.10, )",
        "resolved": "10.0.10",
        "contentHash": "a0V7zj/VbYP6dTdWpUgE/r2PuLKtUGe2aJ0lVKkn/wP9ZhaxUz2kQydVfvOjCv2SKxlrqdBfHhPD4Cvlf+4ffA==",
        "dependencies": {
          "Microsoft.EntityFrameworkCore.Abstractions": "10.0.10",
          "Microsoft.EntityFrameworkCore.Analyzers": "10.0.10"
        }
      },
      "Microsoft.EntityFrameworkCore.Relational": {
        "type": "CentralTransitive",
        "requested": "[10.0.10, )",
        "resolved": "10.0.10",
        "contentHash": "wNonj40aZxia+GtuBiiD6ZqVh4h6y5Nje1bGdmzZ8/ui0QRsAN+S0SIrLHFCEGbG9cDbeaE40sh+Lr7o9rRs6g==",
        "dependencies": {
          "Microsoft.EntityFrameworkCore": "10.0.10"
        }
      },
      "Npgsql": {
        "type": "CentralTransitive",
        "requested": "[10.0.3, )",
        "resolved": "10.0.3",
        "contentHash": "7nb5YzXuvWWJxB0J8DiyL3we+X4FOctZrt0fIBnucOIaIevFEEwGQVZKtiu9olXdlNAK1eNgqSral6r/jlhI4w=="
      }
    }
  }
}