{
  "version": 2,
  "dependencies": {
    "net10.0": {
      "CShells.AspNetCore": {
        "type": "Direct",
        "requested": "[0.0.30-preview.159, )",
        "resolved": "0.0.30-preview.159",
        "contentHash": "A8Ekcd7WHN/rVWLEEMtfA/P2UbJ2pbGLbkOtx7pwIx2kBYmzx5DwpzTyK+LBiCuGIAXODsZW8YUFwD9Yfk4Z5A==",
        "dependencies": {
          "CShells": "0.0.30-preview.159",
          "CShells.AspNetCore.Abstractions": "0.0.30-preview.159",
          "JetBrains.Annotations": "2025.2.4"
        }
      },
      "Microsoft.AspNetCore.TestHost": {
        "type": "Direct",
        "requested": "[10.0.10, )",
        "resolved": "10.0.10",
        "contentHash": "Kks+OpQlP/eWQhnTjkiv0H9kc9Uqa7ieAzNV62yJpZ8Ips/WwpfpwrwZUKzV83CBJaBl5OI7J2XxVVTC8vah/Q=="
      },
      "Microsoft.EntityFrameworkCore.Sqlite": {
        "type": "Direct",
        "requested": "[10.0.10, )",
        "resolved": "10.0.10",
        "contentHash": "kzg9MuQNJvZQxAU+piSkEzc7/1tpW6n1nVSGGMObu2GgxLK8Nf+6fvZundaznTZ+O2KhfPZ8HFNCzMH3PWDUmA==",
        "dependencies": {
          "Microsoft.EntityFrameworkCore.Sqlite.Core": "10.0.10",
          "Microsoft.Extensions.DependencyModel": "10.0.10",
          "SQLitePCLRaw.bundle_e_sqlite3": "2.1.11",
          "SQLitePCLRaw.core": "2.1.11"
        }
      },
      "DistributedLock.Core": {
        "type": "Transitive",
        "resolved": "1.0.8",
        "contentHash": "LAOsY8WxX8JU/n3lfXFz+f2pfnv0+4bHkCrOO3bwa28u9HrS3DlxSG6jf+u76SqesKs+KehZi0CndkfaUXBKvg=="
      },
      "JetBrains.Annotations": {
        "type": "Transitive",
        "resolved": "2025.2.4",
        "contentHash": "TwbgxAkXxY+vNEhNVx/QXjJ4vqxmepOjsgRvvImQPbHkHMMb4W+ahL3laMsxXKtNT7iMy+E1B3xkqao2hf1n3A=="
      },
      "Microsoft.Data.Sqlite.Core": {
        "type": "Transitive",
        "resolved": "10.0.10",
        "contentHash": "TPCs0ldm7AWqcKmp6f/Xr+14sat7hx4rHfRlS4RgCURBH2thEWbAKEyX7cCWr63zVJVOJIJZTg2cBiUXa8ys6g==",
        "dependencies": {
          "SQLitePCLRaw.core": "2.1.11"
        }
      },
      "Microsoft.EntityFrameworkCore.Abstractions": {
        "type": "Transitive",
        "resolved": "10.0.10",
        "contentHash": "bOzrFCl6uZCjaSh2bG1ToRQRdx+iXvxosCg9hFyG9OWeAzOFI4xev9OqKeWfKf/kAHyox2JnbcvLVf2ceA7sqA=="
      },
      "Microsoft.EntityFrameworkCore.Analyzers": {
        "type": "Transitive",
        "resolved": "10.0.10",
        "contentHash": "2gLDordUCGf3aNOOuqtTbP5mxhiP9nk6TnvGiE3RnqT891O+Zf/qKu1PIREubs1M16A0SImr4vULBfU5BTDs1Q=="
      },
      "Microsoft.EntityFrameworkCore.Sqlite.Core": {
        "type": "Transitive",
        "resolved": "10.0.10",
        "contentHash": "YbVWMIouzwTKBiLms8boa7xeRT88wI14R1msv3XExFk9n0/sa8nU7MwDa1CKtfLGMJs7O7QWuS9/xhcQ72AD2A==",
        "dependencies": {
          "Microsoft.Data.Sqlite.Core": "10.0.10",
          "Microsoft.EntityFrameworkCore.Relational": "10.0.10",
          "Microsoft.Extensions.DependencyModel": "10.0.10",
          "SQLitePCLRaw.core": "2.1.11"
        }
      },
      "Microsoft.Extensions.DependencyModel": {
        "type": "Transitive",
        "resolved": "10.0.10",
        "contentHash": "rfZA1RjR021RPqSmIPovfz2aOd79TGqJ9BengbjnzIISOVwjLmuSDnhCMmiY/1c6iYvGolQ1iNGzkav0u11XEA=="
      },
      "SourceGear.sqlite3": {
        "type": "Transitive",
        "resolved": "3.50.4.5",
        "contentHash": "UtnipXhJYZKQOQIfpws/msLK7IRhMplE1CZCaZLIQXRnGD474QVpO/J9nMlQQY8NZueGz1aidjoxDRnrC1NT3Q=="
      },
      "SQLitePCLRaw.config.e_sqlite3": {
        "type": "Transitive",
        "resolved": "3.0.3",
        "contentHash": "caP/ap0X2fyVmstCXu5ueOmcr2XWAxA2XyKghV7H4bOAFmq3nWcsGl9q44iY1HYG+i8Qr4G9XEqdfti0rV6/ZQ==",
        "dependencies": {
          "SQLitePCLRaw.provider.e_sqlite3": "3.0.3"
        }
      },
      "SQLitePCLRaw.core": {
        "type": "Transitive",
        "resolved": "3.0.3",
        "contentHash": "bjm6FY4lZyP+t7GmiuvSM0QXpFihAvyE0Y9O2yibm3g95AAWJPNnHOKVNJGyPTGIKuK7Pr4Wh8Rd8/aOtAclQw=="
      },
      "SQLitePCLRaw.provider.e_sqlite3": {
        "type": "Transitive",
        "resolved": "3.0.3",
        "contentHash": "wd+fGvZTrr3BJNe48opSczmC176Okd61ZgoZNQcdvZwkek6to978ccdpcFmNo5GHxCnk29KwT+f+lAZYgfLVZg==",
        "dependencies": {
          "SQLitePCLRaw.core": "3.0.3"
        }
      },
      "xunit.abstractions": {
        "type": "Transitive",
        "resolved": "2.0.3",
        "contentHash": "pot1I4YOxlWjIb5jmwvvQNbTrZ3lJQ+jUGkGjWE3hEFM0l5gOnBWS+H3qsex68s5cO52g+44vpGzhAt+42vwKg=="
      },
      "xunit.analyzers": {
        "type": "Transitive",
        "resolved": "1.18.0",
        "contentHash": "OtFMHN8yqIcYP9wcVIgJrq01AfTxijjAqVDy/WeQVSyrDC1RzBWeQPztL49DN2syXRah8TYnfvk035s7L95EZQ=="
      },
      "xunit.assert": {
        "type": "Transitive",
        "resolved": "2.9.3",
        "contentHash": "/Kq28fCE7MjOV42YLVRAJzRF0WmEqsmflm0cfpMjGtzQ2lR5mYVj1/i0Y8uDAOLczkL3/jArrwehfMD0YogMAA=="
      },
      "xunit.core": {
        "type": "Transitive",
        "resolved": "2.9.3",
        "contentHash": "BiAEvqGvyme19wE0wTKdADH+NloYqikiU0mcnmiNyXaF9HyHmE6sr/3DC5vnBkgsWaE6yPyWszKSPSApWdRVeQ==",
        "dependencies": {
          "xunit.extensibility.core": "[2.9.3]",
          "xunit.extensibility.execution": "[2.9.3]"
        }
      },
      "xunit.extensibility.core": {
        "type": "Transitive",
        "resolved": "2.9.3",
        "contentHash": "kf3si0YTn2a8J8eZNb+zFpwfoyvIrQ7ivNk5ZYA5yuYk1bEtMe4DxJ2CF/qsRgmEnDr7MnW1mxylBaHTZ4qErA==",
        "dependencies": {
          "xunit.abstractions": "2.0.3"
        }
      },
      "xunit.extensibility.execution": {
        "type": "Transitive",
        "resolved": "2.9.3",
        "contentHash": "yMb6vMESlSrE3Wfj7V6cjQ3S4TXdXpRqYeNEI3zsX31uTsGMJjEw6oD5F5u1cHnMptjhEECnmZSsPxB6ChZHDQ==",
        "dependencies": {
          "xunit.extensibility.core": "[2.9.3]"
        }
      },
      "elsa.activities.design.api": {
        "type": "Project",
        "dependencies": {
          "Elsa.Activities.Design.Core": "[4.0.0-dev, )",
          "Elsa.Activities.Design.Persistence.Core": "[4.0.0-dev, )",
          "Elsa.Api.AspNetCore": "[4.0.0-dev, )",
          "Elsa.Api.Capabilities": "[4.0.0-dev, )",
          "Elsa.Events.Core": "[4.0.0-dev, )",
          "Elsa.Expressions.Core": "[4.0.0-dev, )",
          "Elsa.Foundation.Identity": "[4.0.0-dev, )",
          "Elsa.Foundation.Identity.Core": "[4.0.0-dev, )",
          "Elsa.Mediator.Core": "[4.0.0-dev, )",
          "Elsa.Serialization.Core": "[4.0.0-dev, )",
          "Elsa.Workflows.Design.Persistence.Core": "[4.0.0-dev, )",
          "NativeEndpoints": "[1.0.0-preview.6, )"
        }
      },
      "elsa.activities.design.core": {
        "type": "Project",
        "dependencies": {
          "Elsa.Events.Core": "[4.0.0-dev, )",
          "Elsa.Primitives": "[4.0.0-dev, )"
        }
      },
      "elsa.activities.design.persistence.core": {
        "type": "Project",
        "dependencies": {
          "Elsa.Activities.Design.Core": "[4.0.0-dev, )",
          "Elsa.Primitives": "[4.0.0-dev, )",
          "Elsa.Workflows.Design.Persistence.Core": "[4.0.0-dev, )"
        }
      },
      "elsa.activities.design.persistence.entityframeworkcore": {
        "type": "Project",
        "dependencies": {
          "CShells.Abstractions": "[0.0.30-preview.159, )",
          "Elsa.Activities.Design.Persistence.Core": "[4.0.0-dev, )",
          "Elsa.Persistence.EntityFramework": "[4.0.0-dev, )",
          "Elsa.Workflows.Runtime.Core": "[4.0.0-dev, )",
          "Microsoft.EntityFrameworkCore": "[10.0.10, )",
          "Microsoft.EntityFrameworkCore.Relational": "[10.0.10, )"
        }
      },
      "elsa.activities.design.reconciliation": {
        "type": "Project",
        "dependencies": {
          "CShells.Abstractions": "[0.0.30-preview.159, )",
          "Elsa.Activities.Design.Core": "[4.0.0-dev, )",
          "Elsa.Activities.Design.Persistence.Core": "[4.0.0-dev, )",
          "Elsa.Events.Core": "[4.0.0-dev, )",
          "Elsa.Locking.Core": "[4.0.0-dev, )",
          "Elsa.Serialization.Core": "[4.0.0-dev, )",
          "Elsa.Tasks.Core": "[4.0.0-dev, )",
          "Elsa.Workflows.Design.Persistence.Core": "[4.0.0-dev, )",
          "Elsa.Workflows.Runtime.Core": "[4.0.0-dev, )"
        }
      },
      "elsa.activities.design.reconciliation.clr": {
        "type": "Project",
        "dependencies": {
          "CShells.Abstractions": "[0.0.30-preview.159, )",
          "Elsa.Activities.Design.Core": "[4.0.0-dev, )",
          "Elsa.Activities.Runtime.Core": "[4.0.0-dev, )",
          "System.Reflection.MetadataLoadContext": "[10.0.8, )"
        }
      },
      "elsa.activities.http": {
        "type": "Project",
        "dependencies": {
          "CShells.Abstractions": "[0.0.30-preview.159, )",
          "CShells.AspNetCore.Abstractions": "[0.0.30-preview.159, )",
          "Elsa.Activities.Runtime.Core": "[4.0.0-dev, )",
          "Elsa.Http.Core": "[4.0.0-dev, )",
          "Elsa.Primitives": "[4.0.0-dev, )",
          "Elsa.Serialization.Core": "[4.0.0-dev, )",
          "Elsa.Workflows.Runtime.Core": "[4.0.0-dev, )"
        }
      },
      "elsa.activities.primitives": {
        "type": "Project",
        "dependencies": {
          "CShells.Abstractions": "[0.0.30-preview.159, )",
          "Elsa.Activities.Runtime": "[4.0.0-dev, )",
          "Elsa.Activities.Runtime.Core": "[4.0.0-dev, )",
          "Elsa.Primitives": "[4.0.0-dev, )",
          "Elsa.Serialization.Core": "[4.0.0-dev, )",
          "Elsa.Workflows.Runtime.Core": "[4.0.0-dev, )"
        }
      },
      "elsa.activities.runtime": {
        "type": "Project",
        "dependencies": {
          "CShells.Abstractions": "[0.0.30-preview.159, )",
          "Elsa.Activities.Runtime.Core": "[4.0.0-dev, )",
          "Elsa.Events.Core": "[4.0.0-dev, )",
          "Elsa.Primitives": "[4.0.0-dev, )",
          "Elsa.Tasks.Core": "[4.0.0-dev, )",
          "Elsa.Workflows.Runtime": "[4.0.0-dev, )",
          "Elsa.Workflows.Runtime.Core": "[4.0.0-dev, )"
        }
      },
      "elsa.activities.runtime.core": {
        "type": "Project",
        "dependencies": {
          "Elsa.Events.Core": "[4.0.0-dev, )",
          "Elsa.Expressions.Core": "[4.0.0-dev, )",
          "Elsa.Primitives": "[4.0.0-dev, )"
        }
      },
      "elsa.activities.sequence": {
        "type": "Project",
        "dependencies": {
          "CShells.Abstractions": "[0.0.30-preview.159, )",
          "Elsa.Activities.Runtime.Core": "[4.0.0-dev, )",
          "Elsa.Workflows.Design.Core": "[4.0.0-dev, )",
          "Elsa.Workflows.Runtime.Core": "[4.0.0-dev, )"
        }
      },
      "elsa.activities.testing": {
        "type": "Project",
        "dependencies": {
          "Elsa.Activities.Primitives": "[4.0.0-dev, )",
          "Elsa.Activities.Runtime": "[4.0.0-dev, )",
          "Elsa.Activities.Runtime.Core": "[4.0.0-dev, )",
          "Elsa.Http": "[4.0.0-dev, )",
          "Elsa.Http.Core": "[4.0.0-dev, )",
          "Elsa.Serialization.SystemText": "[4.0.0-dev, )",
          "Elsa.Workflows.Runtime.Api": "[4.0.0-dev, )",
          "Elsa.Workflows.Runtime.Core": "[4.0.0-dev, )",
          "xunit": "[2.9.3, )"
        }
      },
      "elsa.api.aspnetcore": {
        "type": "Project",
        "dependencies": {
          "Elsa.Primitives": "[4.0.0-dev, )",
          "NativeEndpoints": "[1.0.0-preview.6, )"
        }
      },
      "elsa.api.capabilities": {
        "type": "Project",
        "dependencies": {
          "CShells.Abstractions": "[0.0.30-preview.159, )",
          "CShells.AspNetCore.Abstractions": "[0.0.30-preview.159, )",
          "Elsa.Api.AspNetCore": "[4.0.0-dev, )",
          "Elsa.Events.Core": "[4.0.0-dev, )",
          "Elsa.Foundation.Identity": "[4.0.0-dev, )",
          "Elsa.Foundation.Identity.Core": "[4.0.0-dev, )",
          "NativeEndpoints": "[1.0.0-preview.6, )"
        }
      },
      "elsa.attention.core": {
        "type": "Project"
      },
      "elsa.caching.core": {
        "type": "Project"
      },
      "elsa.caching.memory": {
        "type": "Project",
        "dependencies": {
          "CShells.Abstractions": "[0.0.30-preview.159, )",
          "Elsa.Caching.Core": "[4.0.0-dev, )"
        }
      },
      "elsa.cluster.core": {
        "type": "Project",
        "dependencies": {
          "Elsa.Primitives": "[4.0.0-dev, )"
        }
      },
      "elsa.events": {
        "type": "Project",
        "dependencies": {
          "CShells.Abstractions": "[0.0.30-preview.159, )",
          "Elsa.Events.Core": "[4.0.0-dev, )",
          "Elsa.Events.Strategies": "[4.0.0-dev, )",
          "Elsa.Pipelines.Core": "[4.0.0-dev, )",
          "Elsa.Primitives": "[4.0.0-dev, )",
          "Elsa.Tasks.Core": "[4.0.0-dev, )"
        }
      },
      "elsa.events.core": {
        "type": "Project",
        "dependencies": {
          "Elsa.Pipelines.Core": "[4.0.0-dev, )"
        }
      },
      "elsa.events.strategies": {
        "type": "Project",
        "dependencies": {
          "Elsa.Events.Core": "[4.0.0-dev, )",
          "Elsa.Primitives": "[4.0.0-dev, )"
        }
      },
      "elsa.expressions": {
        "type": "Project",
        "dependencies": {
          "CShells.Abstractions": "[0.0.30-preview.159, )",
          "Elsa.Events.Core": "[4.0.0-dev, )",
          "Elsa.Expressions.Core": "[4.0.0-dev, )",
          "Elsa.Serialization.Core": "[4.0.0-dev, )",
          "Elsa.Workflows.Design.Core": "[4.0.0-dev, )"
        }
      },
      "elsa.expressions.core": {
        "type": "Project",
        "dependencies": {
          "Elsa.Primitives": "[4.0.0-dev, )"
        }
      },
      "elsa.expressions.javascript": {
        "type": "Project",
        "dependencies": {
          "Acornima": "[1.6.1, )",
          "CShells.Abstractions": "[0.0.30-preview.159, )",
          "Elsa.Events.Core": "[4.0.0-dev, )",
          "Elsa.Expressions.JavaScript.Core": "[4.0.0-dev, )",
          "Elsa.Serialization.Core": "[4.0.0-dev, )"
        }
      },
      "elsa.expressions.javascript.core": {
        "type": "Project",
        "dependencies": {
          "Elsa.Expressions.Core": "[4.0.0-dev, )"
        }
      },
      "elsa.expressions.javascript.jint": {
        "type": "Project",
        "dependencies": {
          "CShells.Abstractions": "[0.0.30-preview.159, )",
          "Elsa.Expressions.JavaScript.Core": "[4.0.0-dev, )",
          "Jint": "[4.9.1, )"
        }
      },
      "elsa.expressions.javascript.rendering": {
        "type": "Project",
        "dependencies": {
          "CShells.Abstractions": "[0.0.30-preview.159, )",
          "CShells.AspNetCore.Abstractions": "[0.0.30-preview.159, )",
          "Elsa.Api.AspNetCore": "[4.0.0-dev, )",
          "Elsa.Events.Core": "[4.0.0-dev, )",
          "Elsa.Expressions.JavaScript.Rendering.Core": "[4.0.0-dev, )",
          "Elsa.Foundation.Identity": "[4.0.0-dev, )",
          "Elsa.Foundation.Identity.Core": "[4.0.0-dev, )",
          "Elsa.Primitives": "[4.0.0-dev, )",
          "NativeEndpoints": "[1.0.0-preview.6, )"
        }
      },
      "elsa.expressions.javascript.rendering.core": {
        "type": "Project",
        "dependencies": {
          "Elsa.Events.Core": "[4.0.0-dev, )"
        }
      },
      "elsa.foundation.identity": {
        "type": "Project",
        "dependencies": {
          "CShells.Abstractions": "[0.0.30-preview.159, )",
          "CShells.AspNetCore.Abstractions": "[0.0.30-preview.159, )",
          "Elsa.Api.AspNetCore": "[4.0.0-dev, )",
          "Elsa.Foundation.Identity.Core": "[4.0.0-dev, )"
        }
      },
      "elsa.foundation.identity.core": {
        "type": "Project"
      },
      "elsa.http": {
        "type": "Project",
        "dependencies": {
          "CShells.Abstractions": "[0.0.30-preview.159, )",
          "Elsa.Api.AspNetCore": "[4.0.0-dev, )",
          "Elsa.Caching.Core": "[4.0.0-dev, )",
          "Elsa.Http.Core": "[4.0.0-dev, )",
          "Elsa.Primitives": "[4.0.0-dev, )",
          "Elsa.Serialization.Core": "[4.0.0-dev, )"
        }
      },
      "elsa.http.core": {
        "type": "Project"
      },
      "elsa.locking.core": {
        "type": "Project"
      },
      "elsa.locking.filesystem": {
        "type": "Project",
        "dependencies": {
          "CShells.Abstractions": "[0.0.30-preview.159, )",
          "DistributedLock.FileSystem": "[1.0.3, )",
          "Elsa.Cluster.Core": "[4.0.0-dev, )",
          "Elsa.Locking.Core": "[4.0.0-dev, )"
        }
      },
      "elsa.mediator": {
        "type": "Project",
        "dependencies": {
          "CShells.Abstractions": "[0.0.30-preview.159, )",
          "Elsa.Mediator.Core": "[4.0.0-dev, )"
        }
      },
      "elsa.mediator.core": {
        "type": "Project",
        "dependencies": {
          "Elsa.Pipelines.Core": "[4.0.0-dev, )"
        }
      },
      "elsa.persistence.entityframework": {
        "type": "Project",
        "dependencies": {
          "CShells": "[0.0.30-preview.159, )",
          "CShells.Abstractions": "[0.0.30-preview.159, )",
          "Elsa.Persistence.Schema": "[4.0.0-dev, )",
          "Elsa.Primitives": "[4.0.0-dev, )",
          "Microsoft.EntityFrameworkCore": "[10.0.10, )",
          "Microsoft.EntityFrameworkCore.Relational": "[10.0.10, )"
        }
      },
      "elsa.persistence.schema": {
        "type": "Project"
      },
      "elsa.pipelines.core": {
        "type": "Project"
      },
      "elsa.primitives": {
        "type": "Project"
      },
      "elsa.primitives.hosting": {
        "type": "Project",
        "dependencies": {
          "CShells.Abstractions": "[0.0.30-preview.159, )",
          "Elsa.Primitives": "[4.0.0-dev, )"
        }
      },
      "elsa.serialization.core": {
        "type": "Project",
        "dependencies": {
          "Elsa.Events.Core": "[4.0.0-dev, )",
          "Elsa.Primitives": "[4.0.0-dev, )"
        }
      },
      "elsa.serialization.systemtext": {
        "type": "Project",
        "dependencies": {
          "CShells.Abstractions": "[0.0.30-preview.159, )",
          "Elsa.Events.Core": "[4.0.0-dev, )",
          "Elsa.Expressions.Core": "[4.0.0-dev, )",
          "Elsa.Primitives": "[4.0.0-dev, )",
          "Elsa.Serialization.Core": "[4.0.0-dev, )",
          "Elsa.Tasks.Core": "[4.0.0-dev, )"
        }
      },
      "elsa.tasks": {
        "type": "Project",
        "dependencies": {
          "CShells.Abstractions": "[0.0.30-preview.159, )",
          "Elsa.Cluster.Core": "[4.0.0-dev, )",
          "Elsa.Locking.Core": "[4.0.0-dev, )",
          "Elsa.Primitives": "[4.0.0-dev, )",
          "Elsa.Tasks.Core": "[4.0.0-dev, )"
        }
      },
      "elsa.tasks.core": {
        "type": "Project"
      },
      "elsa.tasks.schedules": {
        "type": "Project",
        "dependencies": {
          "Cronos": "[0.13.0, )",
          "Elsa.Primitives": "[4.0.0-dev, )",
          "Elsa.Tasks.Core": "[4.0.0-dev, )"
        }
      },
      "elsa.workflows.design.api": {
        "type": "Project",
        "dependencies": {
          "CShells.Abstractions": "[0.0.30-preview.159, )",
          "CShells.AspNetCore.Abstractions": "[0.0.30-preview.159, )",
          "Elsa.Activities.Design.Core": "[4.0.0-dev, )",
          "Elsa.Activities.Design.Persistence.Core": "[4.0.0-dev, )",
          "Elsa.Api.AspNetCore": "[4.0.0-dev, )",
          "Elsa.Api.Capabilities": "[4.0.0-dev, )",
          "Elsa.Events.Core": "[4.0.0-dev, )",
          "Elsa.Expressions.Core": "[4.0.0-dev, )",
          "Elsa.Foundation.Identity": "[4.0.0-dev, )",
          "Elsa.Foundation.Identity.Core": "[4.0.0-dev, )",
          "Elsa.Locking.Core": "[4.0.0-dev, )",
          "Elsa.Mediator.Core": "[4.0.0-dev, )",
          "Elsa.Serialization.Core": "[4.0.0-dev, )",
          "Elsa.Tasks.Core": "[4.0.0-dev, )",
          "Elsa.Workflows.Design.Core": "[4.0.0-dev, )",
          "Elsa.Workflows.Design.Persistence.Core": "[4.0.0-dev, )",
          "Elsa.Workflows.Design.Validations.Core": "[4.0.0-dev, )",
          "NativeEndpoints": "[1.0.0-preview.6, )"
        }
      },
      "elsa.workflows.design.core": {
        "type": "Project",
        "dependencies": {
          "Elsa.Activities.Design.Core": "[4.0.0-dev, )",
          "Elsa.Events.Core": "[4.0.0-dev, )",
          "Elsa.Expressions.Core": "[4.0.0-dev, )",
          "Elsa.Primitives": "[4.0.0-dev, )"
        }
      },
      "elsa.workflows.design.javascript": {
        "type": "Project",
        "dependencies": {
          "CShells.Abstractions": "[0.0.30-preview.159, )",
          "Elsa.Events.Core": "[4.0.0-dev, )",
          "Elsa.Expressions.JavaScript.Rendering.Core": "[4.0.0-dev, )",
          "Elsa.Workflows.Design.Core": "[4.0.0-dev, )"
        }
      },
      "elsa.workflows.design.persistence.core": {
        "type": "Project",
        "dependencies": {
          "Elsa.Events.Core": "[4.0.0-dev, )",
          "Elsa.Tasks.Core": "[4.0.0-dev, )",
          "Elsa.Workflows.Design.Core": "[4.0.0-dev, )",
          "Elsa.Workflows.Design.Validations.Core": "[4.0.0-dev, )"
        }
      },
      "elsa.workflows.design.persistence.entityframeworkcore": {
        "type": "Project",
        "dependencies": {
          "CShells.Abstractions": "[0.0.30-preview.159, )",
          "Elsa.Events.Core": "[4.0.0-dev, )",
          "Elsa.Locking.Core": "[4.0.0-dev, )",
          "Elsa.Persistence.EntityFramework": "[4.0.0-dev, )",
          "Elsa.Primitives": "[4.0.0-dev, )",
          "Elsa.Serialization.Core": "[4.0.0-dev, )",
          "Elsa.Tasks.Core": "[4.0.0-dev, )",
          "Elsa.Workflows.Design.Persistence.Core": "[4.0.0-dev, )",
          "Elsa.Workflows.Design.Validations.Core": "[4.0.0-dev, )",
          "Elsa.Workflows.Runtime.Core": "[4.0.0-dev, )",
          "Microsoft.EntityFrameworkCore": "[10.0.10, )",
          "Microsoft.EntityFrameworkCore.Relational": "[10.0.10, )"
        }
      },
      "elsa.workflows.design.validations": {
        "type": "Project",
        "dependencies": {
          "CShells.Abstractions": "[0.0.30-preview.159, )",
          "Elsa.Activities.Design.Core": "[4.0.0-dev, )",
          "Elsa.Events.Core": "[4.0.0-dev, )",
          "Elsa.Expressions.Core": "[4.0.0-dev, )",
          "Elsa.Workflows.Design.Validations.Core": "[4.0.0-dev, )"
        }
      },
      "elsa.workflows.design.validations.core": {
        "type": "Project",
        "dependencies": {
          "Elsa.Events.Core": "[4.0.0-dev, )",
          "Elsa.Workflows.Design.Core": "[4.0.0-dev, )"
        }
      },
      "elsa.workflows.publishing": {
        "type": "Project",
        "dependencies": {
          "Elsa.Activities.Design.Core": "[4.0.0-dev, )",
          "Elsa.Activities.Design.Persistence.Core": "[4.0.0-dev, )",
          "Elsa.Activities.Runtime.Core": "[4.0.0-dev, )",
          "Elsa.Events.Core": "[4.0.0-dev, )",
          "Elsa.Locking.Core": "[4.0.0-dev, )",
          "Elsa.Mediator.Core": "[4.0.0-dev, )",
          "Elsa.Primitives": "[4.0.0-dev, )",
          "Elsa.Workflows.Design.Core": "[4.0.0-dev, )",
          "Elsa.Workflows.Design.Persistence.Core": "[4.0.0-dev, )",
          "Elsa.Workflows.Design.Validations": "[4.0.0-dev, )",
          "Elsa.Workflows.Publishing.Core": "[4.0.0-dev, )",
          "Elsa.Workflows.Runtime": "[4.0.0-dev, )",
          "Elsa.Workflows.Runtime.Core": "[4.0.0-dev, )"
        }
      },
      "elsa.workflows.publishing.api": {
        "type": "Project",
        "dependencies": {
          "Elsa.Activities.Design.Core": "[4.0.0-dev, )",
          "Elsa.Activities.Design.Persistence.Core": "[4.0.0-dev, )",
          "Elsa.Activities.Runtime.Core": "[4.0.0-dev, )",
          "Elsa.Api.AspNetCore": "[4.0.0-dev, )",
          "Elsa.Api.Capabilities": "[4.0.0-dev, )",
          "Elsa.Events.Core": "[4.0.0-dev, )",
          "Elsa.Expressions.Core": "[4.0.0-dev, )",
          "Elsa.Locking.Core": "[4.0.0-dev, )",
          "Elsa.Mediator.Core": "[4.0.0-dev, )",
          "Elsa.Primitives": "[4.0.0-dev, )",
          "Elsa.Workflows.Design.Core": "[4.0.0-dev, )",
          "Elsa.Workflows.Design.Persistence.Core": "[4.0.0-dev, )",
          "Elsa.Workflows.Design.Validations": "[4.0.0-dev, )",
          "Elsa.Workflows.Publishing": "[4.0.0-dev, )",
          "Elsa.Workflows.Publishing.Core": "[4.0.0-dev, )",
          "Elsa.Workflows.Runtime": "[4.0.0-dev, )",
          "Elsa.Workflows.Runtime.Core": "[4.0.0-dev, )",
          "NativeEndpoints": "[1.0.0-preview.6, )"
        }
      },
      "elsa.workflows.publishing.core": {
        "type": "Project",
        "dependencies": {
          "Elsa.Activities.Design.Core": "[4.0.0-dev, )",
          "Elsa.Activities.Runtime.Core": "[4.0.0-dev, )",
          "Elsa.Events.Core": "[4.0.0-dev, )",
          "Elsa.Mediator.Core": "[4.0.0-dev, )",
          "Elsa.Workflows.Design.Core": "[4.0.0-dev, )",
          "Elsa.Workflows.Runtime.Core": "[4.0.0-dev, )"
        }
      },
      "elsa.workflows.publishing.persistence.entityframeworkcore": {
        "type": "Project",
        "dependencies": {
          "CShells.Abstractions": "[0.0.30-preview.159, )",
          "Elsa.Activities.Design.Persistence.Core": "[4.0.0-dev, )",
          "Elsa.Activities.Design.Persistence.EntityFrameworkCore": "[4.0.0-dev, )",
          "Elsa.Persistence.EntityFramework": "[4.0.0-dev, )",
          "Elsa.Workflows.Design.Persistence.EntityFrameworkCore": "[4.0.0-dev, )",
          "Elsa.Workflows.Publishing.Core": "[4.0.0-dev, )",
          "Elsa.Workflows.Runtime.Core": "[4.0.0-dev, )",
          "Elsa.Workflows.Runtime.Persistence.EntityFrameworkCore": "[4.0.0-dev, )",
          "Microsoft.EntityFrameworkCore": "[10.0.10, )",
          "Microsoft.EntityFrameworkCore.Relational": "[10.0.10, )"
        }
      },
      "elsa.workflows.runtime": {
        "type": "Project",
        "dependencies": {
          "CShells.Abstractions": "[0.0.30-preview.159, )",
          "Elsa.Activities.Runtime.Core": "[4.0.0-dev, )",
          "Elsa.Attention.Core": "[4.0.0-dev, )",
          "Elsa.Tasks.Core": "[4.0.0-dev, )",
          "Elsa.Tasks.Schedules": "[4.0.0-dev, )",
          "Elsa.Workflows.Runtime.Core": "[4.0.0-dev, )"
        }
      },
      "elsa.workflows.runtime.api": {
        "type": "Project",
        "dependencies": {
          "Elsa.Api.AspNetCore": "[4.0.0-dev, )",
          "Elsa.Api.Capabilities": "[4.0.0-dev, )",
          "Elsa.Foundation.Identity": "[4.0.0-dev, )",
          "Elsa.Foundation.Identity.Core": "[4.0.0-dev, )",
          "Elsa.Mediator.Core": "[4.0.0-dev, )",
          "Elsa.Workflows.Runtime": "[4.0.0-dev, )",
          "Elsa.Workflows.Runtime.Core": "[4.0.0-dev, )",
          "NativeEndpoints": "[1.0.0-preview.6, )"
        }
      },
      "elsa.workflows.runtime.core": {
        "type": "Project",
        "dependencies": {
          "Elsa.Activities.Runtime.Core": "[4.0.0-dev, )",
          "Elsa.Expressions.Core": "[4.0.0-dev, )",
          "Elsa.Primitives": "[4.0.0-dev, )",
          "Elsa.Serialization.Core": "[4.0.0-dev, )"
        }
      },
      "elsa.workflows.runtime.http": {
        "type": "Project",
        "dependencies": {
          "CShells.Abstractions": "[0.0.30-preview.159, )",
          "Elsa.Http.Core": "[4.0.0-dev, )",
          "Elsa.Primitives": "[4.0.0-dev, )",
          "Elsa.Tasks.Core": "[4.0.0-dev, )",
          "Elsa.Tasks.Schedules": "[4.0.0-dev, )",
          "Elsa.Workflows.Runtime.Core": "[4.0.0-dev, )"
        }
      },
      "elsa.workflows.runtime.javascript": {
        "type": "Project",
        "dependencies": {
          "CShells.Abstractions": "[0.0.30-preview.159, )",
          "CShells.AspNetCore.Abstractions": "[0.0.30-preview.159, )",
          "Elsa.Api.AspNetCore": "[4.0.0-dev, )",
          "Elsa.Events.Core": "[4.0.0-dev, )",
          "Elsa.Expressions.JavaScript.Core": "[4.0.0-dev, )",
          "Elsa.Expressions.JavaScript.Rendering.Core": "[4.0.0-dev, )",
          "Elsa.Foundation.Identity": "[4.0.0-dev, )",
          "Elsa.Foundation.Identity.Core": "[4.0.0-dev, )",
          "Elsa.Primitives": "[4.0.0-dev, )",
          "Elsa.Workflows.Runtime.Core": "[4.0.0-dev, )",
          "NativeEndpoints": "[1.0.0-preview.6, )"
        }
      },
      "elsa.workflows.runtime.persistence.entityframeworkcore": {
        "type": "Project",
        "dependencies": {
          "CShells.Abstractions": "[0.0.30-preview.159, )",
          "Elsa.Persistence.EntityFramework": "[4.0.0-dev, )",
          "Elsa.Tasks.Core": "[4.0.0-dev, )",
          "Elsa.Workflows.Runtime": "[4.0.0-dev, )",
          "Elsa.Workflows.Runtime.Core": "[4.0.0-dev, )",
          "Microsoft.EntityFrameworkCore": "[10.0.10, )",
          "Microsoft.EntityFrameworkCore.Relational": "[10.0.10, )"
        }
      },
      "elsa.workflows.runtime.reconciliation": {
        "type": "Project",
        "dependencies": {
          "CShells.Abstractions": "[0.0.30-preview.159, )",
          "Elsa.Activities.Runtime": "[4.0.0-dev, )",
          "Elsa.Locking.Core": "[4.0.0-dev, )",
          "Elsa.Serialization.Core": "[4.0.0-dev, )",
          "Elsa.Tasks.Core": "[4.0.0-dev, )",
          "Elsa.Workflows.Runtime": "[4.0.0-dev, )",
          "Elsa.Workflows.Runtime.Core": "[4.0.0-dev, )",
          "Elsa.Workflows.Runtime.Reconciliation.Core": "[4.0.0-dev, )"
        }
      },
      "elsa.workflows.runtime.reconciliation.core": {
        "type": "Project",
        "dependencies": {
          "Elsa.Primitives": "[4.0.0-dev, )",
          "Elsa.Serialization.Core": "[4.0.0-dev, )",
          "Elsa.Workflows.Runtime.Core": "[4.0.0-dev, )"
        }
      },
      "elsa.workflows.runtime.resumption": {
        "type": "Project",
        "dependencies": {
          "CShells.Abstractions": "[0.0.30-preview.159, )",
          "Elsa.Tasks.Core": "[4.0.0-dev, )",
          "Elsa.Tasks.Schedules": "[4.0.0-dev, )",
          "Elsa.Workflows.Runtime": "[4.0.0-dev, )",
          "Elsa.Workflows.Runtime.Core": "[4.0.0-dev, )"
        }
      },
      "elsa.workflows.runtime.scheduling": {
        "type": "Project",
        "dependencies": {
          "CShells.Abstractions": "[0.0.30-preview.159, )",
          "Cronos": "[0.13.0, )",
          "Elsa.Tasks.Core": "[4.0.0-dev, )",
          "Elsa.Tasks.Schedules": "[4.0.0-dev, )",
          "Elsa.Workflows.Runtime": "[4.0.0-dev, )",
          "Elsa.Workflows.Runtime.Core": "[4.0.0-dev, )"
        }
      },
      "Acornima": {
        "type": "CentralTransitive",
        "requested": "[1.6.1, )",
        "resolved": "1.6.1",
        "contentHash": "EB2vFgpNar8DrC+KLJv8MG6YIU2xqNyrq8GpL69vectPCXoaq6XyZGb/VHbfPVYul7dscO1Mw30eblrxs05RHg=="
      },
      "Cronos": {
        "type": "CentralTransitive",
        "requested": "[0.13.0, )",
        "resolved": "0.13.0",
        "contentHash": "Nkve+Yi0+ol3ntSBRHeW0ka9cJQ8vndSUvvkXqF9LVqwpoqWueyxu/HS275r98RDOmF7/mzRnZW5XXUBXob+TA=="
      },
      "CShells": {
        "type": "CentralTransitive",
        "requested": "[0.0.30-preview.159, )",
        "resolved": "0.0.30-preview.159",
        "contentHash": "x6qrRjUbjj9FbgeeqgUWrDoSxbW48zna/cvXhZYJGsKBmnS0cErPY/+QiFSmuAzXrcwuf9nDBod5DK7BbpIReA==",
        "dependencies": {
          "CShells.Abstractions": "0.0.30-preview.159",
          "JetBrains.Annotations": "2025.2.4",
          "Microsoft.Extensions.DependencyModel": "10.0.1"
        }
      },
      "CShells.Abstractions": {
        "type": "CentralTransitive",
        "requested": "[0.0.30-preview.159, )",
        "resolved": "0.0.30-preview.159",
        "contentHash": "es495Gvvqx1t0DJomzsfoxlIE/k8ZMEj3OaL/uKvdUd5cXpfQowko63T03LlRhTBS7Nhm6xoPoQW1cZAx6e8uQ==",
        "dependencies": {
          "JetBrains.Annotations": "2025.2.4"
        }
      },
      "CShells.AspNetCore.Abstractions": {
        "type": "CentralTransitive",
        "requested": "[0.0.30-preview.159, )",
        "resolved": "0.0.30-preview.159",
        "contentHash": "13PD+8QJBhWA9gwU3Io4bFRzSDpMJrvwjfKiW7AvfSY+EaSI5Aa7Jsa26O4N7n49eN/fWXMtRhbOibYUqnom1A==",
        "dependencies": {
          "CShells.Abstractions": "0.0.30-preview.159",
          "JetBrains.Annotations": "2025.2.4"
        }
      },
      "DistributedLock.FileSystem": {
        "type": "CentralTransitive",
        "requested": "[1.0.3, )",
        "resolved": "1.0.3",
        "contentHash": "Q88LTgHXzcQq9ATa6SZSqAE+VFyIapNGFs+XG7nHx+SpzUf1ACnZ8iyz6fAT/ojH+OLNnWwF3kCYh83s+vnCbA==",
        "dependencies": {
          "DistributedLock.Core": "[1.0.8, 1.1.0)"
        }
      },
      "Jint": {
        "type": "CentralTransitive",
        "requested": "[4.9.1, )",
        "resolved": "4.9.1",
        "contentHash": "y878epycKuwyksZZOhB9LkuQed4P/v4yDdYK3H6lYJObGzhya6Saa9smWOLFscRDhgB4CVaXIYKPQEpNscwbNg==",
        "dependencies": {
          "Acornima": "1.6.1"
        }
      },
      "Microsoft.EntityFrameworkCore": {
        "type": "CentralTransitive",
        "requested": "[10.0.10, )",
        "resolved": "10.0.10",
        "contentHash": "a0V7zj/VbYP6dTdWpUgE/r2PuLKtUGe2aJ0lVKkn/wP9ZhaxUz2kQydVfvOjCv2SKxlrqdBfHhPD4Cvlf+4ffA==",
        "dependencies": {
          "Microsoft.EntityFrameworkCore.Abstractions": "10.0.10",
          "Microsoft.EntityFrameworkCore.Analyzers": "10.0.10"
        }
      },
      "Microsoft.EntityFrameworkCore.Relational": {
        "type": "CentralTransitive",
        "requested": "[10.0.10, )",
        "resolved": "10.0.10",
        "contentHash": "wNonj40aZxia+GtuBiiD6ZqVh4h6y5Nje1bGdmzZ8/ui0QRsAN+S0SIrLHFCEGbG9cDbeaE40sh+Lr7o9rRs6g==",
        "dependencies": {
          "Microsoft.EntityFrameworkCore": "10.0.10"
        }
      },
      "NativeEndpoints": {
        "type": "CentralTransitive",
        "requested": "[1.0.0-preview.6, )",
        "resolved": "1.0.0-preview.6",
        "contentHash": "3TeUmdG8kjVZYj2NJeYc53kmP0M9Qj6sTBfhJjQMqrLGXgIBGdme9ivE7vlshRAqM79mRLmjICQJPAIBcdEQQw=="
      },
      "SQLitePCLRaw.bundle_e_sqlite3": {
        "type": "CentralTransitive",
        "requested": "[3.0.3, )",
        "resolved": "3.0.3",
        "contentHash": "Zt8jmSL5zcDWGk8rmzhWBJ6IRyLWh1yWS04Pg72+GIvo3Ba4E/rG4Y/4l7AWlSEogEbzyKRTCXUAs1v/O7Pkkg==",
        "dependencies": {
          "SQLitePCLRaw.config.e_sqlite3": "3.0.3",
          "SourceGear.sqlite3": "3.50.4.5"
        }
      },
      "System.Reflection.MetadataLoadContext": {
        "type": "CentralTransitive",
        "requested": "[10.0.8, )",
        "resolved": "10.0.8",
        "contentHash": "w9sjhVDe4AKkyswUctVK3oCmZHaA7g+ZUG/xDmzgbsOGxmeRQA6lCQeAh6r75K0lcsLlfBzZXmsNblndyNJhxw=="
      },
      "xunit": {
        "type": "CentralTransitive",
        "requested": "[2.9.3, )",
        "resolved": "2.9.3",
        "contentHash": "TlXQBinK35LpOPKHAqbLY4xlEen9TBafjs0V5KnA4wZsoQLQJiirCR4CbIXvOH8NzkW4YeJKP5P/Bnrodm0h9Q==",
        "dependencies": {
          "xunit.analyzers": "1.18.0",
          "xunit.assert": "2.9.3",
          "xunit.core": "[2.9.3]"
        }
      }
    }
  }
}